{
  "object": {
    "pins": [
      {
        "package": "QR-lib",
        "repositoryURL": "https://github.com/light-stream/QR-lib.git",
        "state": {
          "branch": "master",
          "revision": "e728d8e53abb06f6ad7861037ad252719398168f",
          "version": null
        }
      },
      {
        "package": "ResultSugar",
        "repositoryURL": "https://github.com/eonist/ResultSugar.git",
        "state": {
          "branch": "master",
          "revision": "f161b9b691dd3f285b507275dadb3f461795fa73",
          "version": null
        }
      }
    ]
  },
  "version": 1
}
