{
  "object": {
    "pins": [
      {
        "package": "ParallelLoop",
        "repositoryURL": "https://github.com/passbook/ParallelLoop.git",
        "state": {
          "branch": "master",
          "revision": "dcb29c8cc29474d7267554036e7c909b1e999b6b",
          "version": null
        }
      },
      {
        "package": "QR-lib",
        "repositoryURL": "https://eonist:2fa35e4ff44eac34e98f01f2c83a16f00e650e56@github.com/light-stream/QR-lib.git",
        "state": {
          "branch": "master",
          "revision": "371dd19d0bb2a0570d9997f171a182e30b0fe4c8",
          "version": null
        }
      },
      {
        "package": "ResourceHelper",
        "repositoryURL": "https://github.com/eonist/ResourceHelper.git",
        "state": {
          "branch": "master",
          "revision": "ffd67d93541e74e1322ed2cd25c4d620fbd395b4",
          "version": null
        }
      },
      {
        "package": "ResultSugar",
        "repositoryURL": "https://github.com/eonist/ResultSugar.git",
        "state": {
          "branch": "master",
          "revision": "73747c87445aa5b45213162ff4a66378fc105cbd",
          "version": null
        }
      }
    ]
  },
  "version": 1
}
