{
  "object": {
    "pins": [
      {
        "package": "QR-lib",
        "repositoryURL": "https://github.com/light-stream/QR-lib.git",
        "state": {
          "branch": "master",
          "revision": "9843d933d9e9dfa4843408bc5e51263954ae6004",
          "version": null
        }
      },
      {
        "package": "ResultSugar",
        "repositoryURL": "https://github.com/eonist/ResultSugar.git",
        "state": {
          "branch": "master",
          "revision": "68e87ca6d713e4941150ce0dbdae7209f24fdaee",
          "version": null
        }
      },
      {
        "package": "RGBKit",
        "repositoryURL": "https://github.com/light-stream/RGBKit.git",
        "state": {
          "branch": "master",
          "revision": "d89489592158b4e3da40e8d5055fc1ea3e312c77",
          "version": null
        }
      }
    ]
  },
  "version": 1
}
