{
  "object": {
    "pins": [
      {
        "package": "ParallelLoop",
        "repositoryURL": "https://github.com/passbook/ParallelLoop.git",
        "state": {
          "branch": "master",
          "revision": "1ee30a97ab3730caeb0632b94e6b63187865dd9c",
          "version": null
        }
      },
      {
        "package": "QR-lib",
        "repositoryURL": "https://github.com/light-stream/QR-lib.git",
        "state": {
          "branch": "master",
          "revision": "af08dab0dda569071877ada5caeb463e2cb450ab",
          "version": null
        }
      },
      {
        "package": "ResourceHelper",
        "repositoryURL": "https://github.com/eonist/ResourceHelper.git",
        "state": {
          "branch": "master",
          "revision": "ffd67d93541e74e1322ed2cd25c4d620fbd395b4",
          "version": null
        }
      },
      {
        "package": "ResultSugar",
        "repositoryURL": "https://github.com/eonist/ResultSugar.git",
        "state": {
          "branch": "master",
          "revision": "73747c87445aa5b45213162ff4a66378fc105cbd",
          "version": null
        }
      },
      {
        "package": "TimeMeasure",
        "repositoryURL": "https://github.com/eonist/TimeMeasure.git",
        "state": {
          "branch": "master",
          "revision": "9ea3436e6008ba1e29393f4e91c8f8e5c0cd8577",
          "version": null
        }
      }
    ]
  },
  "version": 1
}
