{
  "object": {
    "pins": [
      {
        "package": "ParallelLoop",
        "repositoryURL": "https://github.com/passbook/ParallelLoop.git",
        "state": {
          "branch": "master",
          "revision": "0889a6433c9ac6af69d4bb8aadedecc6672d5a69",
          "version": null
        }
      },
      {
        "package": "QR-lib",
        "repositoryURL": "https://github.com/light-stream/QR-lib.git",
        "state": {
          "branch": "master",
          "revision": "16dba8cc73d2b43cc84b1c42b510647d8c8045fc",
          "version": null
        }
      },
      {
        "package": "ResourceHelper",
        "repositoryURL": "https://github.com/eonist/ResourceHelper.git",
        "state": {
          "branch": "master",
          "revision": "39a03c263d154fc1c684e771c3e750be3685a505",
          "version": null
        }
      },
      {
        "package": "ResultSugar",
        "repositoryURL": "https://github.com/eonist/ResultSugar.git",
        "state": {
          "branch": "master",
          "revision": "73747c87445aa5b45213162ff4a66378fc105cbd",
          "version": null
        }
      }
    ]
  },
  "version": 1
}
