// !$*UTF8*$!
{
	archiveVersion = 1;
	classes = {
	};
	objectVersion = 50;
	objects = {

/* Begin PBXBuildFile section */
		F1123BE42208894B0082737B /* QRVersion+Type.swift in Sources */ = {isa = PBXBuildFile; fileRef = F173F7F52208873800C446A1 /* QRVersion+Type.swift */; };
		F1123BE52208894C0082737B /* QRVersion+Type.swift in Sources */ = {isa = PBXBuildFile; fileRef = F173F7F52208873800C446A1 /* QRVersion+Type.swift */; };
		F1123BE6220889510082737B /* QRVersion+DataTable.swift in Sources */ = {isa = PBXBuildFile; fileRef = F173F7F32208871C00C446A1 /* QRVersion+DataTable.swift */; };
		F1123BE7220889520082737B /* QRVersion+DataTable.swift in Sources */ = {isa = PBXBuildFile; fileRef = F173F7F32208871C00C446A1 /* QRVersion+DataTable.swift */; };
		F1123BE8220889550082737B /* QRVersion+Helper.swift in Sources */ = {isa = PBXBuildFile; fileRef = F173F7F1220886D800C446A1 /* QRVersion+Helper.swift */; };
		F1123BE9220889560082737B /* QRVersion+Helper.swift in Sources */ = {isa = PBXBuildFile; fileRef = F173F7F1220886D800C446A1 /* QRVersion+Helper.swift */; };
		F1123BEA220889630082737B /* QRMode+Parser.swift in Sources */ = {isa = PBXBuildFile; fileRef = F173F7EF2208869B00C446A1 /* QRMode+Parser.swift */; };
		F1123BEB220889630082737B /* QRMode+Parser.swift in Sources */ = {isa = PBXBuildFile; fileRef = F173F7EF2208869B00C446A1 /* QRMode+Parser.swift */; };
		F1123BFC22088E0A0082737B /* QRStringData+MaxChar.swift in Sources */ = {isa = PBXBuildFile; fileRef = F1123BF622088E090082737B /* QRStringData+MaxChar.swift */; };
		F1123BFD22088E0A0082737B /* QRStringData+MaxChar.swift in Sources */ = {isa = PBXBuildFile; fileRef = F1123BF622088E090082737B /* QRStringData+MaxChar.swift */; };
		F1123BFE22088E0A0082737B /* QRStringData+String.swift in Sources */ = {isa = PBXBuildFile; fileRef = F1123BF722088E090082737B /* QRStringData+String.swift */; };
		F1123BFF22088E0A0082737B /* QRStringData+String.swift in Sources */ = {isa = PBXBuildFile; fileRef = F1123BF722088E090082737B /* QRStringData+String.swift */; };
		F1123C0022088E0A0082737B /* QRStringData.swift in Sources */ = {isa = PBXBuildFile; fileRef = F1123BF822088E090082737B /* QRStringData.swift */; };
		F1123C0122088E0A0082737B /* QRStringData.swift in Sources */ = {isa = PBXBuildFile; fileRef = F1123BF822088E090082737B /* QRStringData.swift */; };
		F1123C0222088E0A0082737B /* QRStringData+Character.swift in Sources */ = {isa = PBXBuildFile; fileRef = F1123BF922088E090082737B /* QRStringData+Character.swift */; };
		F1123C0322088E0A0082737B /* QRStringData+Character.swift in Sources */ = {isa = PBXBuildFile; fileRef = F1123BF922088E090082737B /* QRStringData+Character.swift */; };
		F11DE858220A6B24007A8A7A /* UIImage+Extension.swift in Sources */ = {isa = PBXBuildFile; fileRef = F11DE856220A6AC9007A8A7A /* UIImage+Extension.swift */; };
		F162130221FB28DB005297DE /* AppDelegate.swift in Sources */ = {isa = PBXBuildFile; fileRef = F162130121FB28DB005297DE /* AppDelegate.swift */; };
		F162130421FB28DB005297DE /* ViewController.swift in Sources */ = {isa = PBXBuildFile; fileRef = F162130321FB28DB005297DE /* ViewController.swift */; };
		F162130721FB28DB005297DE /* Main.storyboard in Resources */ = {isa = PBXBuildFile; fileRef = F162130521FB28DB005297DE /* Main.storyboard */; };
		F162130921FB28DC005297DE /* Assets.xcassets in Resources */ = {isa = PBXBuildFile; fileRef = F162130821FB28DC005297DE /* Assets.xcassets */; };
		F162130C21FB28DC005297DE /* LaunchScreen.storyboard in Resources */ = {isa = PBXBuildFile; fileRef = F162130A21FB28DC005297DE /* LaunchScreen.storyboard */; };
		F162131C21FB293D005297DE /* QRLibIOS.h in Headers */ = {isa = PBXBuildFile; fileRef = F162131A21FB293D005297DE /* QRLibIOS.h */; settings = {ATTRIBUTES = (Public, ); }; };
		F162131F21FB293D005297DE /* QRLibIOS.framework in Frameworks */ = {isa = PBXBuildFile; fileRef = F162131821FB293D005297DE /* QRLibIOS.framework */; };
		F162132021FB293D005297DE /* QRLibIOS.framework in Embed Frameworks */ = {isa = PBXBuildFile; fileRef = F162131821FB293D005297DE /* QRLibIOS.framework */; settings = {ATTRIBUTES = (CodeSignOnCopy, RemoveHeadersOnCopy, ); }; };
		F162133621FB2ABB005297DE /* QRLibMac.h in Headers */ = {isa = PBXBuildFile; fileRef = F162133421FB2ABB005297DE /* QRLibMac.h */; settings = {ATTRIBUTES = (Public, ); }; };
		F17A2A0622137E08000B6C0A /* HybridOS.swift in Sources */ = {isa = PBXBuildFile; fileRef = F17A2A0422137DA2000B6C0A /* HybridOS.swift */; };
		F17A2A0722137E0C000B6C0A /* HybridOS.swift in Sources */ = {isa = PBXBuildFile; fileRef = F17A2A0422137DA2000B6C0A /* HybridOS.swift */; };
		F17A2A0A22137F15000B6C0A /* ImageUtil.swift in Sources */ = {isa = PBXBuildFile; fileRef = F17A2A0822137E58000B6C0A /* ImageUtil.swift */; };
		F17A2A0B22137F16000B6C0A /* ImageUtil.swift in Sources */ = {isa = PBXBuildFile; fileRef = F17A2A0822137E58000B6C0A /* ImageUtil.swift */; };
		F17A2A1022137F81000B6C0A /* QRReader.swift in Sources */ = {isa = PBXBuildFile; fileRef = F17A2A0C22137F6E000B6C0A /* QRReader.swift */; };
		F17A2A1122137F81000B6C0A /* QRWriter.swift in Sources */ = {isa = PBXBuildFile; fileRef = F17A2A0E22137F79000B6C0A /* QRWriter.swift */; };
		F17A2A1222137F82000B6C0A /* QRReader.swift in Sources */ = {isa = PBXBuildFile; fileRef = F17A2A0C22137F6E000B6C0A /* QRReader.swift */; };
		F17A2A1322137F82000B6C0A /* QRWriter.swift in Sources */ = {isa = PBXBuildFile; fileRef = F17A2A0E22137F79000B6C0A /* QRWriter.swift */; };
		F17F5BA3221A32AD00383955 /* AppDelegate.swift in Sources */ = {isa = PBXBuildFile; fileRef = F17F5BA2221A32AD00383955 /* AppDelegate.swift */; };
		F17F5BA5221A32AF00383955 /* Assets.xcassets in Resources */ = {isa = PBXBuildFile; fileRef = F17F5BA4221A32AF00383955 /* Assets.xcassets */; };
		F17F5BA8221A32AF00383955 /* MainMenu.xib in Resources */ = {isa = PBXBuildFile; fileRef = F17F5BA6221A32AF00383955 /* MainMenu.xib */; };
		F17F5BAE221A330300383955 /* QRLibMac.framework in Frameworks */ = {isa = PBXBuildFile; fileRef = F162133221FB2ABB005297DE /* QRLibMac.framework */; };
		F17F5BAF221A330300383955 /* QRLibMac.framework in Embed Frameworks */ = {isa = PBXBuildFile; fileRef = F162133221FB2ABB005297DE /* QRLibMac.framework */; settings = {ATTRIBUTES = (CodeSignOnCopy, RemoveHeadersOnCopy, ); }; };
		F17F5BB4221A37B800383955 /* NSImage+Extension.swift in Sources */ = {isa = PBXBuildFile; fileRef = F17F5BB3221A37B800383955 /* NSImage+Extension.swift */; };
		F194B9752223F3F4001C5DBB /* DEPRECATED.swift in Sources */ = {isa = PBXBuildFile; fileRef = F1CC69C2222280BC00334855 /* DEPRECATED.swift */; };
		F194B9762223F3F5001C5DBB /* DEPRECATED.swift in Sources */ = {isa = PBXBuildFile; fileRef = F1CC69C2222280BC00334855 /* DEPRECATED.swift */; };
		F194B97822240799001C5DBB /* Data+Extension.swift in Sources */ = {isa = PBXBuildFile; fileRef = F194B97722240799001C5DBB /* Data+Extension.swift */; };
		F198AE3E22176F6D00082D43 /* CIImage+Extension.swift in Sources */ = {isa = PBXBuildFile; fileRef = F198AE3D22176F6D00082D43 /* CIImage+Extension.swift */; };
		F198AE402217706600082D43 /* CIImage+Extension.swift in Sources */ = {isa = PBXBuildFile; fileRef = F198AE3D22176F6D00082D43 /* CIImage+Extension.swift */; };
		F198AE412217706700082D43 /* CIImage+Extension.swift in Sources */ = {isa = PBXBuildFile; fileRef = F198AE3D22176F6D00082D43 /* CIImage+Extension.swift */; };
		F1B4A057221D4AE900B61CCF /* String+Extension.swift in Sources */ = {isa = PBXBuildFile; fileRef = F1B4A055221D4AB200B61CCF /* String+Extension.swift */; };
		F1B4A058221D4AE900B61CCF /* String+Extension.swift in Sources */ = {isa = PBXBuildFile; fileRef = F1B4A055221D4AB200B61CCF /* String+Extension.swift */; };
		F1C957EE2204B02B0062B6DA /* QRModuleUtil.swift in Sources */ = {isa = PBXBuildFile; fileRef = F1C957E52204B02B0062B6DA /* QRModuleUtil.swift */; };
		F1C957EF2204B02B0062B6DA /* QRModuleUtil.swift in Sources */ = {isa = PBXBuildFile; fileRef = F1C957E52204B02B0062B6DA /* QRModuleUtil.swift */; };
		F1C957F02204B02B0062B6DA /* QRVersion.swift in Sources */ = {isa = PBXBuildFile; fileRef = F1C957E62204B02B0062B6DA /* QRVersion.swift */; };
		F1C957F12204B02B0062B6DA /* QRVersion.swift in Sources */ = {isa = PBXBuildFile; fileRef = F1C957E62204B02B0062B6DA /* QRVersion.swift */; };
		F1C957F22204B02B0062B6DA /* QRMode.swift in Sources */ = {isa = PBXBuildFile; fileRef = F1C957E82204B02B0062B6DA /* QRMode.swift */; };
		F1C957F32204B02B0062B6DA /* QRMode.swift in Sources */ = {isa = PBXBuildFile; fileRef = F1C957E82204B02B0062B6DA /* QRMode.swift */; };
		F1C957F42204B02B0062B6DA /* QRMode+CharSet.swift in Sources */ = {isa = PBXBuildFile; fileRef = F1C957E92204B02B0062B6DA /* QRMode+CharSet.swift */; };
		F1C957F52204B02B0062B6DA /* QRMode+CharSet.swift in Sources */ = {isa = PBXBuildFile; fileRef = F1C957E92204B02B0062B6DA /* QRMode+CharSet.swift */; };
		F1C957F62204B02B0062B6DA /* QRMode+BitCount.swift in Sources */ = {isa = PBXBuildFile; fileRef = F1C957EA2204B02B0062B6DA /* QRMode+BitCount.swift */; };
		F1C957F72204B02B0062B6DA /* QRMode+BitCount.swift in Sources */ = {isa = PBXBuildFile; fileRef = F1C957EA2204B02B0062B6DA /* QRMode+BitCount.swift */; };
		F1C957F82204B02B0062B6DA /* QRMode+Assert.swift in Sources */ = {isa = PBXBuildFile; fileRef = F1C957EB2204B02B0062B6DA /* QRMode+Assert.swift */; };
		F1C957F92204B02B0062B6DA /* QRMode+Assert.swift in Sources */ = {isa = PBXBuildFile; fileRef = F1C957EB2204B02B0062B6DA /* QRMode+Assert.swift */; };
		F1CC69C62222892C00334855 /* QRReader+Type.swift in Sources */ = {isa = PBXBuildFile; fileRef = F1CC69C4222288FF00334855 /* QRReader+Type.swift */; };
		F1CC69C72222892D00334855 /* QRReader+Type.swift in Sources */ = {isa = PBXBuildFile; fileRef = F1CC69C4222288FF00334855 /* QRReader+Type.swift */; };
		F1E94A24221CAACC0099E2C6 /* temp.bundle in Resources */ = {isa = PBXBuildFile; fileRef = F1E94A23221CAACC0099E2C6 /* temp.bundle */; };
		F1E94A25221CB2940099E2C6 /* temp.bundle in Resources */ = {isa = PBXBuildFile; fileRef = F1E94A23221CAACC0099E2C6 /* temp.bundle */; };
		F1F10F81221FC58A00BD4805 /* QRConfig.swift in Sources */ = {isa = PBXBuildFile; fileRef = F1F10F7F221FC21800BD4805 /* QRConfig.swift */; };
		F1F10F82221FC58A00BD4805 /* QRConfig.swift in Sources */ = {isa = PBXBuildFile; fileRef = F1F10F7F221FC21800BD4805 /* QRConfig.swift */; };
		F1F11F6F22032A32008BB049 /* ECLevel.swift in Sources */ = {isa = PBXBuildFile; fileRef = F1F11F6D2203297B008BB049 /* ECLevel.swift */; };
		F1F11F7022032A33008BB049 /* ECLevel.swift in Sources */ = {isa = PBXBuildFile; fileRef = F1F11F6D2203297B008BB049 /* ECLevel.swift */; };
/* End PBXBuildFile section */

/* Begin PBXContainerItemProxy section */
		F162131D21FB293D005297DE /* PBXContainerItemProxy */ = {
			isa = PBXContainerItemProxy;
			containerPortal = F16212F621FB28DB005297DE /* Project object */;
			proxyType = 1;
			remoteGlobalIDString = F162131721FB293D005297DE;
			remoteInfo = QRLibIOS;
		};
		F17F5BB0221A330300383955 /* PBXContainerItemProxy */ = {
			isa = PBXContainerItemProxy;
			containerPortal = F16212F621FB28DB005297DE /* Project object */;
			proxyType = 1;
			remoteGlobalIDString = F162133121FB2ABB005297DE;
			remoteInfo = QRLibMac;
		};
/* End PBXContainerItemProxy section */

/* Begin PBXCopyFilesBuildPhase section */
		F162132421FB293D005297DE /* Embed Frameworks */ = {
			isa = PBXCopyFilesBuildPhase;
			buildActionMask = 2147483647;
			dstPath = "";
			dstSubfolderSpec = 10;
			files = (
				F162132021FB293D005297DE /* QRLibIOS.framework in Embed Frameworks */,
			);
			name = "Embed Frameworks";
			runOnlyForDeploymentPostprocessing = 0;
		};
		F17F5BB2221A330300383955 /* Embed Frameworks */ = {
			isa = PBXCopyFilesBuildPhase;
			buildActionMask = 2147483647;
			dstPath = "";
			dstSubfolderSpec = 10;
			files = (
				F17F5BAF221A330300383955 /* QRLibMac.framework in Embed Frameworks */,
			);
			name = "Embed Frameworks";
			runOnlyForDeploymentPostprocessing = 0;
		};
/* End PBXCopyFilesBuildPhase section */

/* Begin PBXFileReference section */
		F1123BF622088E090082737B /* QRStringData+MaxChar.swift */ = {isa = PBXFileReference; fileEncoding = 4; lastKnownFileType = sourcecode.swift; path = "QRStringData+MaxChar.swift"; sourceTree = "<group>"; };
		F1123BF722088E090082737B /* QRStringData+String.swift */ = {isa = PBXFileReference; fileEncoding = 4; lastKnownFileType = sourcecode.swift; path = "QRStringData+String.swift"; sourceTree = "<group>"; };
		F1123BF822088E090082737B /* QRStringData.swift */ = {isa = PBXFileReference; fileEncoding = 4; lastKnownFileType = sourcecode.swift; path = QRStringData.swift; sourceTree = "<group>"; };
		F1123BF922088E090082737B /* QRStringData+Character.swift */ = {isa = PBXFileReference; fileEncoding = 4; lastKnownFileType = sourcecode.swift; path = "QRStringData+Character.swift"; sourceTree = "<group>"; };
		F11DE856220A6AC9007A8A7A /* UIImage+Extension.swift */ = {isa = PBXFileReference; lastKnownFileType = sourcecode.swift; path = "UIImage+Extension.swift"; sourceTree = "<group>"; };
		F16212FE21FB28DB005297DE /* QRExample.app */ = {isa = PBXFileReference; explicitFileType = wrapper.application; includeInIndex = 0; path = QRExample.app; sourceTree = BUILT_PRODUCTS_DIR; };
		F162130121FB28DB005297DE /* AppDelegate.swift */ = {isa = PBXFileReference; lastKnownFileType = sourcecode.swift; path = AppDelegate.swift; sourceTree = "<group>"; };
		F162130321FB28DB005297DE /* ViewController.swift */ = {isa = PBXFileReference; lastKnownFileType = sourcecode.swift; path = ViewController.swift; sourceTree = "<group>"; };
		F162130621FB28DB005297DE /* Base */ = {isa = PBXFileReference; lastKnownFileType = file.storyboard; name = Base; path = Base.lproj/Main.storyboard; sourceTree = "<group>"; };
		F162130821FB28DC005297DE /* Assets.xcassets */ = {isa = PBXFileReference; lastKnownFileType = folder.assetcatalog; path = Assets.xcassets; sourceTree = "<group>"; };
		F162130B21FB28DC005297DE /* Base */ = {isa = PBXFileReference; lastKnownFileType = file.storyboard; name = Base; path = Base.lproj/LaunchScreen.storyboard; sourceTree = "<group>"; };
		F162130D21FB28DC005297DE /* Info.plist */ = {isa = PBXFileReference; lastKnownFileType = text.plist.xml; path = Info.plist; sourceTree = "<group>"; };
		F162131821FB293D005297DE /* QRLibIOS.framework */ = {isa = PBXFileReference; explicitFileType = wrapper.framework; includeInIndex = 0; path = QRLibIOS.framework; sourceTree = BUILT_PRODUCTS_DIR; };
		F162131A21FB293D005297DE /* QRLibIOS.h */ = {isa = PBXFileReference; lastKnownFileType = sourcecode.c.h; path = QRLibIOS.h; sourceTree = "<group>"; };
		F162131B21FB293D005297DE /* Info.plist */ = {isa = PBXFileReference; lastKnownFileType = text.plist.xml; path = Info.plist; sourceTree = "<group>"; };
		F162133221FB2ABB005297DE /* QRLibMac.framework */ = {isa = PBXFileReference; explicitFileType = wrapper.framework; includeInIndex = 0; path = QRLibMac.framework; sourceTree = BUILT_PRODUCTS_DIR; };
		F162133421FB2ABB005297DE /* QRLibMac.h */ = {isa = PBXFileReference; lastKnownFileType = sourcecode.c.h; path = QRLibMac.h; sourceTree = "<group>"; };
		F162133521FB2ABB005297DE /* Info.plist */ = {isa = PBXFileReference; lastKnownFileType = text.plist.xml; path = Info.plist; sourceTree = "<group>"; };
		F173F7EF2208869B00C446A1 /* QRMode+Parser.swift */ = {isa = PBXFileReference; lastKnownFileType = sourcecode.swift; path = "QRMode+Parser.swift"; sourceTree = "<group>"; };
		F173F7F1220886D800C446A1 /* QRVersion+Helper.swift */ = {isa = PBXFileReference; lastKnownFileType = sourcecode.swift; path = "QRVersion+Helper.swift"; sourceTree = "<group>"; };
		F173F7F32208871C00C446A1 /* QRVersion+DataTable.swift */ = {isa = PBXFileReference; lastKnownFileType = sourcecode.swift; path = "QRVersion+DataTable.swift"; sourceTree = "<group>"; };
		F173F7F52208873800C446A1 /* QRVersion+Type.swift */ = {isa = PBXFileReference; lastKnownFileType = sourcecode.swift; path = "QRVersion+Type.swift"; sourceTree = "<group>"; };
		F17A2A0422137DA2000B6C0A /* HybridOS.swift */ = {isa = PBXFileReference; lastKnownFileType = sourcecode.swift; path = HybridOS.swift; sourceTree = "<group>"; };
		F17A2A0822137E58000B6C0A /* ImageUtil.swift */ = {isa = PBXFileReference; lastKnownFileType = sourcecode.swift; path = ImageUtil.swift; sourceTree = "<group>"; };
		F17A2A0C22137F6E000B6C0A /* QRReader.swift */ = {isa = PBXFileReference; lastKnownFileType = sourcecode.swift; path = QRReader.swift; sourceTree = "<group>"; };
		F17A2A0E22137F79000B6C0A /* QRWriter.swift */ = {isa = PBXFileReference; lastKnownFileType = sourcecode.swift; path = QRWriter.swift; sourceTree = "<group>"; };
		F17F5BA0221A32AD00383955 /* QR-example-mac.app */ = {isa = PBXFileReference; explicitFileType = wrapper.application; includeInIndex = 0; path = "QR-example-mac.app"; sourceTree = BUILT_PRODUCTS_DIR; };
		F17F5BA2221A32AD00383955 /* AppDelegate.swift */ = {isa = PBXFileReference; lastKnownFileType = sourcecode.swift; path = AppDelegate.swift; sourceTree = "<group>"; };
		F17F5BA4221A32AF00383955 /* Assets.xcassets */ = {isa = PBXFileReference; lastKnownFileType = folder.assetcatalog; path = Assets.xcassets; sourceTree = "<group>"; };
		F17F5BA7221A32AF00383955 /* Base */ = {isa = PBXFileReference; lastKnownFileType = file.xib; name = Base; path = Base.lproj/MainMenu.xib; sourceTree = "<group>"; };
		F17F5BA9221A32AF00383955 /* Info.plist */ = {isa = PBXFileReference; lastKnownFileType = text.plist.xml; path = Info.plist; sourceTree = "<group>"; };
		F17F5BAA221A32AF00383955 /* QR_example_mac.entitlements */ = {isa = PBXFileReference; lastKnownFileType = text.plist.entitlements; path = QR_example_mac.entitlements; sourceTree = "<group>"; };
		F17F5BB3221A37B800383955 /* NSImage+Extension.swift */ = {isa = PBXFileReference; lastKnownFileType = sourcecode.swift; path = "NSImage+Extension.swift"; sourceTree = "<group>"; };
		F194B97722240799001C5DBB /* Data+Extension.swift */ = {isa = PBXFileReference; lastKnownFileType = sourcecode.swift; path = "Data+Extension.swift"; sourceTree = "<group>"; };
		F198AE3D22176F6D00082D43 /* CIImage+Extension.swift */ = {isa = PBXFileReference; lastKnownFileType = sourcecode.swift; path = "CIImage+Extension.swift"; sourceTree = "<group>"; };
		F1B4A055221D4AB200B61CCF /* String+Extension.swift */ = {isa = PBXFileReference; lastKnownFileType = sourcecode.swift; path = "String+Extension.swift"; sourceTree = "<group>"; };
		F1C957E52204B02B0062B6DA /* QRModuleUtil.swift */ = {isa = PBXFileReference; fileEncoding = 4; lastKnownFileType = sourcecode.swift; path = QRModuleUtil.swift; sourceTree = "<group>"; };
		F1C957E62204B02B0062B6DA /* QRVersion.swift */ = {isa = PBXFileReference; fileEncoding = 4; lastKnownFileType = sourcecode.swift; path = QRVersion.swift; sourceTree = "<group>"; };
		F1C957E82204B02B0062B6DA /* QRMode.swift */ = {isa = PBXFileReference; fileEncoding = 4; lastKnownFileType = sourcecode.swift; path = QRMode.swift; sourceTree = "<group>"; };
		F1C957E92204B02B0062B6DA /* QRMode+CharSet.swift */ = {isa = PBXFileReference; fileEncoding = 4; lastKnownFileType = sourcecode.swift; path = "QRMode+CharSet.swift"; sourceTree = "<group>"; };
		F1C957EA2204B02B0062B6DA /* QRMode+BitCount.swift */ = {isa = PBXFileReference; fileEncoding = 4; lastKnownFileType = sourcecode.swift; path = "QRMode+BitCount.swift"; sourceTree = "<group>"; };
		F1C957EB2204B02B0062B6DA /* QRMode+Assert.swift */ = {isa = PBXFileReference; fileEncoding = 4; lastKnownFileType = sourcecode.swift; path = "QRMode+Assert.swift"; sourceTree = "<group>"; };
		F1CC69C2222280BC00334855 /* DEPRECATED.swift */ = {isa = PBXFileReference; lastKnownFileType = sourcecode.swift; path = DEPRECATED.swift; sourceTree = "<group>"; };
		F1CC69C4222288FF00334855 /* QRReader+Type.swift */ = {isa = PBXFileReference; lastKnownFileType = sourcecode.swift; path = "QRReader+Type.swift"; sourceTree = "<group>"; };
		F1E94A23221CAACC0099E2C6 /* temp.bundle */ = {isa = PBXFileReference; lastKnownFileType = "wrapper.plug-in"; path = temp.bundle; sourceTree = "<group>"; };
		F1F10F7F221FC21800BD4805 /* QRConfig.swift */ = {isa = PBXFileReference; lastKnownFileType = sourcecode.swift; path = QRConfig.swift; sourceTree = "<group>"; };
		F1F11F6D2203297B008BB049 /* ECLevel.swift */ = {isa = PBXFileReference; lastKnownFileType = sourcecode.swift; path = ECLevel.swift; sourceTree = "<group>"; };
/* End PBXFileReference section */

/* Begin PBXFrameworksBuildPhase section */
		F16212FB21FB28DB005297DE /* Frameworks */ = {
			isa = PBXFrameworksBuildPhase;
			buildActionMask = 2147483647;
			files = (
				F162131F21FB293D005297DE /* QRLibIOS.framework in Frameworks */,
			);
			runOnlyForDeploymentPostprocessing = 0;
		};
		F162131521FB293D005297DE /* Frameworks */ = {
			isa = PBXFrameworksBuildPhase;
			buildActionMask = 2147483647;
			files = (
			);
			runOnlyForDeploymentPostprocessing = 0;
		};
		F162132F21FB2ABB005297DE /* Frameworks */ = {
			isa = PBXFrameworksBuildPhase;
			buildActionMask = 2147483647;
			files = (
			);
			runOnlyForDeploymentPostprocessing = 0;
		};
		F17F5B9D221A32AD00383955 /* Frameworks */ = {
			isa = PBXFrameworksBuildPhase;
			buildActionMask = 2147483647;
			files = (
				F17F5BAE221A330300383955 /* QRLibMac.framework in Frameworks */,
			);
			runOnlyForDeploymentPostprocessing = 0;
		};
/* End PBXFrameworksBuildPhase section */

/* Begin PBXGroup section */
		F1123BF522088E090082737B /* string */ = {
			isa = PBXGroup;
			children = (
				F1123BF822088E090082737B /* QRStringData.swift */,
				F1123BF622088E090082737B /* QRStringData+MaxChar.swift */,
				F1123BF722088E090082737B /* QRStringData+String.swift */,
				F1123BF922088E090082737B /* QRStringData+Character.swift */,
			);
			path = string;
			sourceTree = "<group>";
		};
		F11DE855220A6AAF007A8A7A /* common */ = {
			isa = PBXGroup;
			children = (
				F17A2A0422137DA2000B6C0A /* HybridOS.swift */,
				F198AE3F22176F7D00082D43 /* extension */,
				F17A2A0822137E58000B6C0A /* ImageUtil.swift */,
			);
			path = common;
			sourceTree = "<group>";
		};
		F16212F521FB28DB005297DE = {
			isa = PBXGroup;
			children = (
				F17F5BA1221A32AD00383955 /* QR-example-mac */,
				F162130021FB28DB005297DE /* QRExample */,
				F162132521FB2953005297DE /* src */,
				F162131921FB293D005297DE /* QRLibIOS */,
				F162133321FB2ABB005297DE /* QRLibMac */,
				F1E94A23221CAACC0099E2C6 /* temp.bundle */,
				F16212FF21FB28DB005297DE /* Products */,
			);
			sourceTree = "<group>";
		};
		F16212FF21FB28DB005297DE /* Products */ = {
			isa = PBXGroup;
			children = (
				F16212FE21FB28DB005297DE /* QRExample.app */,
				F162131821FB293D005297DE /* QRLibIOS.framework */,
				F162133221FB2ABB005297DE /* QRLibMac.framework */,
				F17F5BA0221A32AD00383955 /* QR-example-mac.app */,
			);
			name = Products;
			sourceTree = "<group>";
		};
		F162130021FB28DB005297DE /* QRExample */ = {
			isa = PBXGroup;
			children = (
				F162130121FB28DB005297DE /* AppDelegate.swift */,
				F162130321FB28DB005297DE /* ViewController.swift */,
				F194B97722240799001C5DBB /* Data+Extension.swift */,
				F162130521FB28DB005297DE /* Main.storyboard */,
				F162130821FB28DC005297DE /* Assets.xcassets */,
				F162130A21FB28DC005297DE /* LaunchScreen.storyboard */,
				F162130D21FB28DC005297DE /* Info.plist */,
			);
			path = QRExample;
			sourceTree = "<group>";
		};
		F162131921FB293D005297DE /* QRLibIOS */ = {
			isa = PBXGroup;
			children = (
				F162131A21FB293D005297DE /* QRLibIOS.h */,
				F162131B21FB293D005297DE /* Info.plist */,
			);
			path = QRLibIOS;
			sourceTree = "<group>";
		};
		F162132521FB2953005297DE /* src */ = {
			isa = PBXGroup;
			children = (
				F1CC69C02222801300334855 /* reader */,
				F1CC69C12222802000334855 /* writer */,
				F11DE855220A6AAF007A8A7A /* common */,
				F1C957FC2204B05A0062B6DA /* util */,
			);
			path = src;
			sourceTree = "<group>";
		};
		F162133321FB2ABB005297DE /* QRLibMac */ = {
			isa = PBXGroup;
			children = (
				F162133421FB2ABB005297DE /* QRLibMac.h */,
				F162133521FB2ABB005297DE /* Info.plist */,
			);
			path = QRLibMac;
			sourceTree = "<group>";
		};
		F17A2A1422138024000B6C0A /* module */ = {
			isa = PBXGroup;
			children = (
				F1C957E52204B02B0062B6DA /* QRModuleUtil.swift */,
			);
			path = module;
			sourceTree = "<group>";
		};
		F17F5BA1221A32AD00383955 /* QR-example-mac */ = {
			isa = PBXGroup;
			children = (
				F17F5BA2221A32AD00383955 /* AppDelegate.swift */,
				F194B9742223EF12001C5DBB /* common */,
				F17F5BA4221A32AF00383955 /* Assets.xcassets */,
				F17F5BA6221A32AF00383955 /* MainMenu.xib */,
				F17F5BA9221A32AF00383955 /* Info.plist */,
				F17F5BAA221A32AF00383955 /* QR_example_mac.entitlements */,
			);
			path = "QR-example-mac";
			sourceTree = "<group>";
		};
		F194B9742223EF12001C5DBB /* common */ = {
			isa = PBXGroup;
			children = (
				F17F5BB3221A37B800383955 /* NSImage+Extension.swift */,
			);
			path = common;
			sourceTree = "<group>";
		};
		F198AE3F22176F7D00082D43 /* extension */ = {
			isa = PBXGroup;
			children = (
				F11DE856220A6AC9007A8A7A /* UIImage+Extension.swift */,
				F198AE3D22176F6D00082D43 /* CIImage+Extension.swift */,
				F1B4A055221D4AB200B61CCF /* String+Extension.swift */,
			);
			path = extension;
			sourceTree = "<group>";
		};
		F1C957E72204B02B0062B6DA /* mode */ = {
			isa = PBXGroup;
			children = (
				F1C957E82204B02B0062B6DA /* QRMode.swift */,
				F1C957E92204B02B0062B6DA /* QRMode+CharSet.swift */,
				F1C957EA2204B02B0062B6DA /* QRMode+BitCount.swift */,
				F1C957EB2204B02B0062B6DA /* QRMode+Assert.swift */,
				F173F7EF2208869B00C446A1 /* QRMode+Parser.swift */,
			);
			path = mode;
			sourceTree = "<group>";
		};
		F1C957FC2204B05A0062B6DA /* util */ = {
			isa = PBXGroup;
			children = (
				F1F10F7E221FC20900BD4805 /* config */,
				F17A2A1422138024000B6C0A /* module */,
				F1C957FE2204B0870062B6DA /* ec */,
				F1C957E72204B02B0062B6DA /* mode */,
				F1C957FD2204B06E0062B6DA /* version */,
				F1123BF522088E090082737B /* string */,
			);
			path = util;
			sourceTree = "<group>";
		};
		F1C957FD2204B06E0062B6DA /* version */ = {
			isa = PBXGroup;
			children = (
				F1C957E62204B02B0062B6DA /* QRVersion.swift */,
				F173F7F1220886D800C446A1 /* QRVersion+Helper.swift */,
				F173F7F32208871C00C446A1 /* QRVersion+DataTable.swift */,
				F173F7F52208873800C446A1 /* QRVersion+Type.swift */,
			);
			path = version;
			sourceTree = "<group>";
		};
		F1C957FE2204B0870062B6DA /* ec */ = {
			isa = PBXGroup;
			children = (
				F1F11F6D2203297B008BB049 /* ECLevel.swift */,
			);
			path = ec;
			sourceTree = "<group>";
		};
		F1CC69C02222801300334855 /* reader */ = {
			isa = PBXGroup;
			children = (
				F17A2A0C22137F6E000B6C0A /* QRReader.swift */,
				F1CC69C4222288FF00334855 /* QRReader+Type.swift */,
				F1CC69C2222280BC00334855 /* DEPRECATED.swift */,
			);
			path = reader;
			sourceTree = "<group>";
		};
		F1CC69C12222802000334855 /* writer */ = {
			isa = PBXGroup;
			children = (
				F17A2A0E22137F79000B6C0A /* QRWriter.swift */,
			);
			path = writer;
			sourceTree = "<group>";
		};
		F1F10F7E221FC20900BD4805 /* config */ = {
			isa = PBXGroup;
			children = (
				F1F10F7F221FC21800BD4805 /* QRConfig.swift */,
			);
			path = config;
			sourceTree = "<group>";
		};
/* End PBXGroup section */

/* Begin PBXHeadersBuildPhase section */
		F162131321FB293D005297DE /* Headers */ = {
			isa = PBXHeadersBuildPhase;
			buildActionMask = 2147483647;
			files = (
				F162131C21FB293D005297DE /* QRLibIOS.h in Headers */,
			);
			runOnlyForDeploymentPostprocessing = 0;
		};
		F162132D21FB2ABB005297DE /* Headers */ = {
			isa = PBXHeadersBuildPhase;
			buildActionMask = 2147483647;
			files = (
				F162133621FB2ABB005297DE /* QRLibMac.h in Headers */,
			);
			runOnlyForDeploymentPostprocessing = 0;
		};
/* End PBXHeadersBuildPhase section */

/* Begin PBXNativeTarget section */
		F16212FD21FB28DB005297DE /* QRExample */ = {
			isa = PBXNativeTarget;
			buildConfigurationList = F162131021FB28DC005297DE /* Build configuration list for PBXNativeTarget "QRExample" */;
			buildPhases = (
				F16212FA21FB28DB005297DE /* Sources */,
				F16212FB21FB28DB005297DE /* Frameworks */,
				F16212FC21FB28DB005297DE /* Resources */,
				F162132421FB293D005297DE /* Embed Frameworks */,
				F1E4A88E227607C400E8993A /* ShellScript */,
			);
			buildRules = (
			);
			dependencies = (
				F162131E21FB293D005297DE /* PBXTargetDependency */,
			);
			name = QRExample;
			productName = QRExample;
			productReference = F16212FE21FB28DB005297DE /* QRExample.app */;
			productType = "com.apple.product-type.application";
		};
		F162131721FB293D005297DE /* QRLibIOS */ = {
			isa = PBXNativeTarget;
			buildConfigurationList = F162132321FB293D005297DE /* Build configuration list for PBXNativeTarget "QRLibIOS" */;
			buildPhases = (
				F162131321FB293D005297DE /* Headers */,
				F162131421FB293D005297DE /* Sources */,
				F162131521FB293D005297DE /* Frameworks */,
				F162131621FB293D005297DE /* Resources */,
				F1E4A890227991C600E8993A /* ShellScript */,
			);
			buildRules = (
			);
			dependencies = (
			);
			name = QRLibIOS;
			productName = QRLibIOS;
			productReference = F162131821FB293D005297DE /* QRLibIOS.framework */;
			productType = "com.apple.product-type.framework";
		};
		F162133121FB2ABB005297DE /* QRLibMac */ = {
			isa = PBXNativeTarget;
			buildConfigurationList = F162133721FB2ABB005297DE /* Build configuration list for PBXNativeTarget "QRLibMac" */;
			buildPhases = (
				F162132D21FB2ABB005297DE /* Headers */,
				F162132E21FB2ABB005297DE /* Sources */,
				F162132F21FB2ABB005297DE /* Frameworks */,
				F162133021FB2ABB005297DE /* Resources */,
				F1E4A891227991D000E8993A /* ShellScript */,
			);
			buildRules = (
			);
			dependencies = (
			);
			name = QRLibMac;
			productName = QRLibMac;
			productReference = F162133221FB2ABB005297DE /* QRLibMac.framework */;
			productType = "com.apple.product-type.framework";
		};
		F17F5B9F221A32AD00383955 /* QR-example-mac */ = {
			isa = PBXNativeTarget;
			buildConfigurationList = F17F5BAD221A32AF00383955 /* Build configuration list for PBXNativeTarget "QR-example-mac" */;
			buildPhases = (
				F17F5B9C221A32AD00383955 /* Sources */,
				F17F5B9D221A32AD00383955 /* Frameworks */,
				F17F5B9E221A32AD00383955 /* Resources */,
				F17F5BB2221A330300383955 /* Embed Frameworks */,
				F1E4A88F227607CD00E8993A /* ShellScript */,
			);
			buildRules = (
			);
			dependencies = (
				F17F5BB1221A330300383955 /* PBXTargetDependency */,
			);
			name = "QR-example-mac";
			productName = "QR-example-mac";
			productReference = F17F5BA0221A32AD00383955 /* QR-example-mac.app */;
			productType = "com.apple.product-type.application";
		};
/* End PBXNativeTarget section */

/* Begin PBXProject section */
		F16212F621FB28DB005297DE /* Project object */ = {
			isa = PBXProject;
			attributes = {
				LastSwiftUpdateCheck = 1010;
				LastUpgradeCheck = 1020;
				ORGANIZATIONNAME = FutureLab;
				TargetAttributes = {
					F16212FD21FB28DB005297DE = {
						CreatedOnToolsVersion = 10.1;
						LastSwiftMigration = 1020;
					};
					F162131721FB293D005297DE = {
						CreatedOnToolsVersion = 10.1;
						LastSwiftMigration = 1020;
					};
					F162133121FB2ABB005297DE = {
						CreatedOnToolsVersion = 10.1;
					};
					F17F5B9F221A32AD00383955 = {
						CreatedOnToolsVersion = 10.1;
					};
				};
			};
			buildConfigurationList = F16212F921FB28DB005297DE /* Build configuration list for PBXProject "QRExample" */;
			compatibilityVersion = "Xcode 9.3";
			developmentRegion = en;
			hasScannedForEncodings = 0;
			knownRegions = (
				en,
				Base,
			);
			mainGroup = F16212F521FB28DB005297DE;
			productRefGroup = F16212FF21FB28DB005297DE /* Products */;
			projectDirPath = "";
			projectRoot = "";
			targets = (
				F16212FD21FB28DB005297DE /* QRExample */,
				F162131721FB293D005297DE /* QRLibIOS */,
				F162133121FB2ABB005297DE /* QRLibMac */,
				F17F5B9F221A32AD00383955 /* QR-example-mac */,
			);
		};
/* End PBXProject section */

/* Begin PBXResourcesBuildPhase section */
		F16212FC21FB28DB005297DE /* Resources */ = {
			isa = PBXResourcesBuildPhase;
			buildActionMask = 2147483647;
			files = (
				F162130C21FB28DC005297DE /* LaunchScreen.storyboard in Resources */,
				F1E94A24221CAACC0099E2C6 /* temp.bundle in Resources */,
				F162130921FB28DC005297DE /* Assets.xcassets in Resources */,
				F162130721FB28DB005297DE /* Main.storyboard in Resources */,
			);
			runOnlyForDeploymentPostprocessing = 0;
		};
		F162131621FB293D005297DE /* Resources */ = {
			isa = PBXResourcesBuildPhase;
			buildActionMask = 2147483647;
			files = (
			);
			runOnlyForDeploymentPostprocessing = 0;
		};
		F162133021FB2ABB005297DE /* Resources */ = {
			isa = PBXResourcesBuildPhase;
			buildActionMask = 2147483647;
			files = (
			);
			runOnlyForDeploymentPostprocessing = 0;
		};
		F17F5B9E221A32AD00383955 /* Resources */ = {
			isa = PBXResourcesBuildPhase;
			buildActionMask = 2147483647;
			files = (
				F1E94A25221CB2940099E2C6 /* temp.bundle in Resources */,
				F17F5BA5221A32AF00383955 /* Assets.xcassets in Resources */,
				F17F5BA8221A32AF00383955 /* MainMenu.xib in Resources */,
			);
			runOnlyForDeploymentPostprocessing = 0;
		};
/* End PBXResourcesBuildPhase section */

/* Begin PBXShellScriptBuildPhase section */
		F1E4A88E227607C400E8993A /* ShellScript */ = {
			isa = PBXShellScriptBuildPhase;
			buildActionMask = 2147483647;
			files = (
			);
			inputFileListPaths = (
			);
			inputPaths = (
			);
			outputFileListPaths = (
			);
			outputPaths = (
			);
			runOnlyForDeploymentPostprocessing = 0;
			shellPath = /bin/sh;
			shellScript = "if which swiftlint >/dev/null; then\nswiftlint\nelse\necho \"warning: SwiftLint not installed, download from https://github.com/realm/SwiftLint\"\nfi\n";
		};
		F1E4A88F227607CD00E8993A /* ShellScript */ = {
			isa = PBXShellScriptBuildPhase;
			buildActionMask = 2147483647;
			files = (
			);
			inputFileListPaths = (
			);
			inputPaths = (
			);
			outputFileListPaths = (
			);
			outputPaths = (
			);
			runOnlyForDeploymentPostprocessing = 0;
			shellPath = /bin/sh;
			shellScript = "if which swiftlint >/dev/null; then\nswiftlint\nelse\necho \"warning: SwiftLint not installed, download from https://github.com/realm/SwiftLint\"\nfi\n";
		};
		F1E4A890227991C600E8993A /* ShellScript */ = {
			isa = PBXShellScriptBuildPhase;
			buildActionMask = 2147483647;
			files = (
			);
			inputFileListPaths = (
			);
			inputPaths = (
			);
			outputFileListPaths = (
			);
			outputPaths = (
			);
			runOnlyForDeploymentPostprocessing = 0;
			shellPath = /bin/sh;
			shellScript = "if which swiftlint >/dev/null; then\nswiftlint\nelse\necho \"warning: SwiftLint not installed, download from https://github.com/realm/SwiftLint\"\nfi\n";
		};
		F1E4A891227991D000E8993A /* ShellScript */ = {
			isa = PBXShellScriptBuildPhase;
			buildActionMask = 2147483647;
			files = (
			);
			inputFileListPaths = (
			);
			inputPaths = (
			);
			outputFileListPaths = (
			);
			outputPaths = (
			);
			runOnlyForDeploymentPostprocessing = 0;
			shellPath = /bin/sh;
			shellScript = "if which swiftlint >/dev/null; then\nswiftlint\nelse\necho \"warning: SwiftLint not installed, download from https://github.com/realm/SwiftLint\"\nfi\n";
		};
/* End PBXShellScriptBuildPhase section */

/* Begin PBXSourcesBuildPhase section */
		F16212FA21FB28DB005297DE /* Sources */ = {
			isa = PBXSourcesBuildPhase;
			buildActionMask = 2147483647;
			files = (
				F198AE3E22176F6D00082D43 /* CIImage+Extension.swift in Sources */,
				F194B97822240799001C5DBB /* Data+Extension.swift in Sources */,
				F162130421FB28DB005297DE /* ViewController.swift in Sources */,
				F162130221FB28DB005297DE /* AppDelegate.swift in Sources */,
			);
			runOnlyForDeploymentPostprocessing = 0;
		};
		F162131421FB293D005297DE /* Sources */ = {
			isa = PBXSourcesBuildPhase;
			buildActionMask = 2147483647;
			files = (
				F1123BE8220889550082737B /* QRVersion+Helper.swift in Sources */,
				F1C957F42204B02B0062B6DA /* QRMode+CharSet.swift in Sources */,
				F1123BEA220889630082737B /* QRMode+Parser.swift in Sources */,
				F11DE858220A6B24007A8A7A /* UIImage+Extension.swift in Sources */,
				F1123C0222088E0A0082737B /* QRStringData+Character.swift in Sources */,
				F1C957EE2204B02B0062B6DA /* QRModuleUtil.swift in Sources */,
				F1C957F62204B02B0062B6DA /* QRMode+BitCount.swift in Sources */,
				F1C957F82204B02B0062B6DA /* QRMode+Assert.swift in Sources */,
				F1F11F6F22032A32008BB049 /* ECLevel.swift in Sources */,
				F17A2A1122137F81000B6C0A /* QRWriter.swift in Sources */,
				F1F10F81221FC58A00BD4805 /* QRConfig.swift in Sources */,
				F1123BFE22088E0A0082737B /* QRStringData+String.swift in Sources */,
				F198AE412217706700082D43 /* CIImage+Extension.swift in Sources */,
				F1B4A058221D4AE900B61CCF /* String+Extension.swift in Sources */,
				F194B9752223F3F4001C5DBB /* DEPRECATED.swift in Sources */,
				F17A2A1022137F81000B6C0A /* QRReader.swift in Sources */,
				F1C957F22204B02B0062B6DA /* QRMode.swift in Sources */,
				F1123C0022088E0A0082737B /* QRStringData.swift in Sources */,
				F1CC69C62222892C00334855 /* QRReader+Type.swift in Sources */,
				F1C957F02204B02B0062B6DA /* QRVersion.swift in Sources */,
				F1123BE6220889510082737B /* QRVersion+DataTable.swift in Sources */,
				F17A2A0A22137F15000B6C0A /* ImageUtil.swift in Sources */,
				F1123BE52208894C0082737B /* QRVersion+Type.swift in Sources */,
				F1123BFC22088E0A0082737B /* QRStringData+MaxChar.swift in Sources */,
				F17A2A0622137E08000B6C0A /* HybridOS.swift in Sources */,
			);
			runOnlyForDeploymentPostprocessing = 0;
		};
		F162132E21FB2ABB005297DE /* Sources */ = {
			isa = PBXSourcesBuildPhase;
			buildActionMask = 2147483647;
			files = (
				F198AE402217706600082D43 /* CIImage+Extension.swift in Sources */,
				F17A2A0B22137F16000B6C0A /* ImageUtil.swift in Sources */,
				F1123BE9220889560082737B /* QRVersion+Helper.swift in Sources */,
				F1C957F52204B02B0062B6DA /* QRMode+CharSet.swift in Sources */,
				F1123BEB220889630082737B /* QRMode+Parser.swift in Sources */,
				F1123C0322088E0A0082737B /* QRStringData+Character.swift in Sources */,
				F1C957EF2204B02B0062B6DA /* QRModuleUtil.swift in Sources */,
				F1C957F72204B02B0062B6DA /* QRMode+BitCount.swift in Sources */,
				F1CC69C72222892D00334855 /* QRReader+Type.swift in Sources */,
				F1C957F92204B02B0062B6DA /* QRMode+Assert.swift in Sources */,
				F1F11F7022032A33008BB049 /* ECLevel.swift in Sources */,
				F17A2A1322137F82000B6C0A /* QRWriter.swift in Sources */,
				F1123BFF22088E0A0082737B /* QRStringData+String.swift in Sources */,
				F1B4A057221D4AE900B61CCF /* String+Extension.swift in Sources */,
				F1C957F32204B02B0062B6DA /* QRMode.swift in Sources */,
				F1123C0122088E0A0082737B /* QRStringData.swift in Sources */,
				F1F10F82221FC58A00BD4805 /* QRConfig.swift in Sources */,
				F17A2A1222137F82000B6C0A /* QRReader.swift in Sources */,
				F1C957F12204B02B0062B6DA /* QRVersion.swift in Sources */,
				F1123BE7220889520082737B /* QRVersion+DataTable.swift in Sources */,
				F194B9762223F3F5001C5DBB /* DEPRECATED.swift in Sources */,
				F1123BE42208894B0082737B /* QRVersion+Type.swift in Sources */,
				F1123BFD22088E0A0082737B /* QRStringData+MaxChar.swift in Sources */,
				F17A2A0722137E0C000B6C0A /* HybridOS.swift in Sources */,
			);
			runOnlyForDeploymentPostprocessing = 0;
		};
		F17F5B9C221A32AD00383955 /* Sources */ = {
			isa = PBXSourcesBuildPhase;
			buildActionMask = 2147483647;
			files = (
				F17F5BB4221A37B800383955 /* NSImage+Extension.swift in Sources */,
				F17F5BA3221A32AD00383955 /* AppDelegate.swift in Sources */,
			);
			runOnlyForDeploymentPostprocessing = 0;
		};
/* End PBXSourcesBuildPhase section */

/* Begin PBXTargetDependency section */
		F162131E21FB293D005297DE /* PBXTargetDependency */ = {
			isa = PBXTargetDependency;
			target = F162131721FB293D005297DE /* QRLibIOS */;
			targetProxy = F162131D21FB293D005297DE /* PBXContainerItemProxy */;
		};
		F17F5BB1221A330300383955 /* PBXTargetDependency */ = {
			isa = PBXTargetDependency;
			target = F162133121FB2ABB005297DE /* QRLibMac */;
			targetProxy = F17F5BB0221A330300383955 /* PBXContainerItemProxy */;
		};
/* End PBXTargetDependency section */

/* Begin PBXVariantGroup section */
		F162130521FB28DB005297DE /* Main.storyboard */ = {
			isa = PBXVariantGroup;
			children = (
				F162130621FB28DB005297DE /* Base */,
			);
			name = Main.storyboard;
			sourceTree = "<group>";
		};
		F162130A21FB28DC005297DE /* LaunchScreen.storyboard */ = {
			isa = PBXVariantGroup;
			children = (
				F162130B21FB28DC005297DE /* Base */,
			);
			name = LaunchScreen.storyboard;
			sourceTree = "<group>";
		};
		F17F5BA6221A32AF00383955 /* MainMenu.xib */ = {
			isa = PBXVariantGroup;
			children = (
				F17F5BA7221A32AF00383955 /* Base */,
			);
			name = MainMenu.xib;
			sourceTree = "<group>";
		};
/* End PBXVariantGroup section */

/* Begin XCBuildConfiguration section */
		F162130E21FB28DC005297DE /* Debug */ = {
			isa = XCBuildConfiguration;
			buildSettings = {
				ALWAYS_SEARCH_USER_PATHS = NO;
				CLANG_ANALYZER_NONNULL = YES;
				CLANG_ANALYZER_NUMBER_OBJECT_CONVERSION = YES_AGGRESSIVE;
				CLANG_CXX_LANGUAGE_STANDARD = "gnu++14";
				CLANG_CXX_LIBRARY = "libc++";
				CLANG_ENABLE_MODULES = YES;
				CLANG_ENABLE_OBJC_ARC = YES;
				CLANG_ENABLE_OBJC_WEAK = YES;
				CLANG_WARN_BLOCK_CAPTURE_AUTORELEASING = YES;
				CLANG_WARN_BOOL_CONVERSION = YES;
				CLANG_WARN_COMMA = YES;
				CLANG_WARN_CONSTANT_CONVERSION = YES;
				CLANG_WARN_DEPRECATED_OBJC_IMPLEMENTATIONS = YES;
				CLANG_WARN_DIRECT_OBJC_ISA_USAGE = YES_ERROR;
				CLANG_WARN_DOCUMENTATION_COMMENTS = YES;
				CLANG_WARN_EMPTY_BODY = YES;
				CLANG_WARN_ENUM_CONVERSION = YES;
				CLANG_WARN_INFINITE_RECURSION = YES;
				CLANG_WARN_INT_CONVERSION = YES;
				CLANG_WARN_NON_LITERAL_NULL_CONVERSION = YES;
				CLANG_WARN_OBJC_IMPLICIT_RETAIN_SELF = YES;
				CLANG_WARN_OBJC_LITERAL_CONVERSION = YES;
				CLANG_WARN_OBJC_ROOT_CLASS = YES_ERROR;
				CLANG_WARN_RANGE_LOOP_ANALYSIS = YES;
				CLANG_WARN_STRICT_PROTOTYPES = YES;
				CLANG_WARN_SUSPICIOUS_MOVE = YES;
				CLANG_WARN_UNGUARDED_AVAILABILITY = YES_AGGRESSIVE;
				CLANG_WARN_UNREACHABLE_CODE = YES;
				CLANG_WARN__DUPLICATE_METHOD_MATCH = YES;
				CODE_SIGN_IDENTITY = "iPhone Developer";
				COPY_PHASE_STRIP = NO;
				DEBUG_INFORMATION_FORMAT = dwarf;
				ENABLE_STRICT_OBJC_MSGSEND = YES;
				ENABLE_TESTABILITY = YES;
				GCC_C_LANGUAGE_STANDARD = gnu11;
				GCC_DYNAMIC_NO_PIC = NO;
				GCC_NO_COMMON_BLOCKS = YES;
				GCC_OPTIMIZATION_LEVEL = 0;
				GCC_PREPROCESSOR_DEFINITIONS = (
					"DEBUG=1",
					"$(inherited)",
				);
				GCC_WARN_64_TO_32_BIT_CONVERSION = YES;
				GCC_WARN_ABOUT_RETURN_TYPE = YES_ERROR;
				GCC_WARN_UNDECLARED_SELECTOR = YES;
				GCC_WARN_UNINITIALIZED_AUTOS = YES_AGGRESSIVE;
				GCC_WARN_UNUSED_FUNCTION = YES;
				GCC_WARN_UNUSED_VARIABLE = YES;
				IPHONEOS_DEPLOYMENT_TARGET = 12.1;
				MTL_ENABLE_DEBUG_INFO = INCLUDE_SOURCE;
				MTL_FAST_MATH = YES;
				ONLY_ACTIVE_ARCH = YES;
				SDKROOT = iphoneos;
				SWIFT_ACTIVE_COMPILATION_CONDITIONS = DEBUG;
				SWIFT_OPTIMIZATION_LEVEL = "-Onone";
			};
			name = Debug;
		};
		F162130F21FB28DC005297DE /* Release */ = {
			isa = XCBuildConfiguration;
			buildSettings = {
				ALWAYS_SEARCH_USER_PATHS = NO;
				CLANG_ANALYZER_NONNULL = YES;
				CLANG_ANALYZER_NUMBER_OBJECT_CONVERSION = YES_AGGRESSIVE;
				CLANG_CXX_LANGUAGE_STANDARD = "gnu++14";
				CLANG_CXX_LIBRARY = "libc++";
				CLANG_ENABLE_MODULES = YES;
				CLANG_ENABLE_OBJC_ARC = YES;
				CLANG_ENABLE_OBJC_WEAK = YES;
				CLANG_WARN_BLOCK_CAPTURE_AUTORELEASING = YES;
				CLANG_WARN_BOOL_CONVERSION = YES;
				CLANG_WARN_COMMA = YES;
				CLANG_WARN_CONSTANT_CONVERSION = YES;
				CLANG_WARN_DEPRECATED_OBJC_IMPLEMENTATIONS = YES;
				CLANG_WARN_DIRECT_OBJC_ISA_USAGE = YES_ERROR;
				CLANG_WARN_DOCUMENTATION_COMMENTS = YES;
				CLANG_WARN_EMPTY_BODY = YES;
				CLANG_WARN_ENUM_CONVERSION = YES;
				CLANG_WARN_INFINITE_RECURSION = YES;
				CLANG_WARN_INT_CONVERSION = YES;
				CLANG_WARN_NON_LITERAL_NULL_CONVERSION = YES;
				CLANG_WARN_OBJC_IMPLICIT_RETAIN_SELF = YES;
				CLANG_WARN_OBJC_LITERAL_CONVERSION = YES;
				CLANG_WARN_OBJC_ROOT_CLASS = YES_ERROR;
				CLANG_WARN_RANGE_LOOP_ANALYSIS = YES;
				CLANG_WARN_STRICT_PROTOTYPES = YES;
				CLANG_WARN_SUSPICIOUS_MOVE = YES;
				CLANG_WARN_UNGUARDED_AVAILABILITY = YES_AGGRESSIVE;
				CLANG_WARN_UNREACHABLE_CODE = YES;
				CLANG_WARN__DUPLICATE_METHOD_MATCH = YES;
				CODE_SIGN_IDENTITY = "iPhone Developer";
				COPY_PHASE_STRIP = NO;
				DEBUG_INFORMATION_FORMAT = "dwarf-with-dsym";
				ENABLE_NS_ASSERTIONS = NO;
				ENABLE_STRICT_OBJC_MSGSEND = YES;
				GCC_C_LANGUAGE_STANDARD = gnu11;
				GCC_NO_COMMON_BLOCKS = YES;
				GCC_WARN_64_TO_32_BIT_CONVERSION = YES;
				GCC_WARN_ABOUT_RETURN_TYPE = YES_ERROR;
				GCC_WARN_UNDECLARED_SELECTOR = YES;
				GCC_WARN_UNINITIALIZED_AUTOS = YES_AGGRESSIVE;
				GCC_WARN_UNUSED_FUNCTION = YES;
				GCC_WARN_UNUSED_VARIABLE = YES;
				IPHONEOS_DEPLOYMENT_TARGET = 12.1;
				MTL_ENABLE_DEBUG_INFO = NO;
				MTL_FAST_MATH = YES;
				SDKROOT = iphoneos;
				SWIFT_COMPILATION_MODE = wholemodule;
				SWIFT_OPTIMIZATION_LEVEL = "-O";
				VALIDATE_PRODUCT = YES;
			};
			name = Release;
		};
		F162131121FB28DC005297DE /* Debug */ = {
			isa = XCBuildConfiguration;
			buildSettings = {
				ALWAYS_EMBED_SWIFT_STANDARD_LIBRARIES = YES;
				ASSETCATALOG_COMPILER_APPICON_NAME = AppIcon;
				CODE_SIGN_STYLE = Automatic;
				DEVELOPMENT_TEAM = B5CC9TD7P7;
				INFOPLIST_FILE = QRExample/Info.plist;
				IPHONEOS_DEPLOYMENT_TARGET = 12.2;
				LD_RUNPATH_SEARCH_PATHS = (
					"$(inherited)",
					"@executable_path/Frameworks",
				);
				PRODUCT_BUNDLE_IDENTIFIER = io.github.futurelab.QRExample;
				PRODUCT_NAME = "$(TARGET_NAME)";
				SWIFT_VERSION = 5.0;
				TARGETED_DEVICE_FAMILY = "1,2";
			};
			name = Debug;
		};
		F162131221FB28DC005297DE /* Release */ = {
			isa = XCBuildConfiguration;
			buildSettings = {
				ALWAYS_EMBED_SWIFT_STANDARD_LIBRARIES = YES;
				ASSETCATALOG_COMPILER_APPICON_NAME = AppIcon;
				CODE_SIGN_STYLE = Automatic;
				DEVELOPMENT_TEAM = B5CC9TD7P7;
				INFOPLIST_FILE = QRExample/Info.plist;
				IPHONEOS_DEPLOYMENT_TARGET = 12.2;
				LD_RUNPATH_SEARCH_PATHS = (
					"$(inherited)",
					"@executable_path/Frameworks",
				);
				PRODUCT_BUNDLE_IDENTIFIER = io.github.futurelab.QRExample;
				PRODUCT_NAME = "$(TARGET_NAME)";
				SWIFT_VERSION = 5.0;
				TARGETED_DEVICE_FAMILY = "1,2";
			};
			name = Release;
		};
		F162132121FB293D005297DE /* Debug */ = {
			isa = XCBuildConfiguration;
			buildSettings = {
				CODE_SIGN_IDENTITY = "";
				CODE_SIGN_STYLE = Automatic;
				CURRENT_PROJECT_VERSION = 1;
				DEFINES_MODULE = YES;
				DYLIB_COMPATIBILITY_VERSION = 1;
				DYLIB_CURRENT_VERSION = 1;
				DYLIB_INSTALL_NAME_BASE = "@rpath";
				INFOPLIST_FILE = QRLibIOS/Info.plist;
				INSTALL_PATH = "$(LOCAL_LIBRARY_DIR)/Frameworks";
				IPHONEOS_DEPLOYMENT_TARGET = 12.2;
				LD_RUNPATH_SEARCH_PATHS = (
					"$(inherited)",
					"@executable_path/Frameworks",
					"@loader_path/Frameworks",
				);
				PRODUCT_BUNDLE_IDENTIFIER = io.github.futurelab.QRLibIOS;
				PRODUCT_NAME = "$(TARGET_NAME:c99extidentifier)";
				SKIP_INSTALL = YES;
				SWIFT_VERSION = 5.0;
				TARGETED_DEVICE_FAMILY = "1,2";
				VERSIONING_SYSTEM = "apple-generic";
				VERSION_INFO_PREFIX = "";
			};
			name = Debug;
		};
		F162132221FB293D005297DE /* Release */ = {
			isa = XCBuildConfiguration;
			buildSettings = {
				CODE_SIGN_IDENTITY = "";
				CODE_SIGN_STYLE = Automatic;
				CURRENT_PROJECT_VERSION = 1;
				DEFINES_MODULE = YES;
				DYLIB_COMPATIBILITY_VERSION = 1;
				DYLIB_CURRENT_VERSION = 1;
				DYLIB_INSTALL_NAME_BASE = "@rpath";
				INFOPLIST_FILE = QRLibIOS/Info.plist;
				INSTALL_PATH = "$(LOCAL_LIBRARY_DIR)/Frameworks";
				IPHONEOS_DEPLOYMENT_TARGET = 12.2;
				LD_RUNPATH_SEARCH_PATHS = (
					"$(inherited)",
					"@executable_path/Frameworks",
					"@loader_path/Frameworks",
				);
				PRODUCT_BUNDLE_IDENTIFIER = io.github.futurelab.QRLibIOS;
				PRODUCT_NAME = "$(TARGET_NAME:c99extidentifier)";
				SKIP_INSTALL = YES;
				SWIFT_VERSION = 5.0;
				TARGETED_DEVICE_FAMILY = "1,2";
				VERSIONING_SYSTEM = "apple-generic";
				VERSION_INFO_PREFIX = "";
			};
			name = Release;
		};
		F162133821FB2ABB005297DE /* Debug */ = {
			isa = XCBuildConfiguration;
			buildSettings = {
				CODE_SIGN_IDENTITY = "";
				CODE_SIGN_STYLE = Automatic;
				COMBINE_HIDPI_IMAGES = YES;
				CURRENT_PROJECT_VERSION = 1;
				DEFINES_MODULE = YES;
				DEVELOPMENT_TEAM = "";
				DYLIB_COMPATIBILITY_VERSION = 1;
				DYLIB_CURRENT_VERSION = 1;
				DYLIB_INSTALL_NAME_BASE = "@rpath";
				FRAMEWORK_VERSION = A;
				INFOPLIST_FILE = QRLibMac/Info.plist;
				INSTALL_PATH = "$(LOCAL_LIBRARY_DIR)/Frameworks";
				LD_RUNPATH_SEARCH_PATHS = (
					"$(inherited)",
					"@executable_path/../Frameworks",
					"@loader_path/Frameworks",
				);
				MACOSX_DEPLOYMENT_TARGET = 10.14;
				PRODUCT_BUNDLE_IDENTIFIER = io.github.futurelab.QRLibMac;
				PRODUCT_NAME = "$(TARGET_NAME:c99extidentifier)";
				SDKROOT = macosx;
				SKIP_INSTALL = YES;
				SWIFT_VERSION = 4.2;
				VERSIONING_SYSTEM = "apple-generic";
				VERSION_INFO_PREFIX = "";
			};
			name = Debug;
		};
		F162133921FB2ABB005297DE /* Release */ = {
			isa = XCBuildConfiguration;
			buildSettings = {
				CODE_SIGN_IDENTITY = "-";
				CODE_SIGN_STYLE = Automatic;
				COMBINE_HIDPI_IMAGES = YES;
				CURRENT_PROJECT_VERSION = 1;
				DEFINES_MODULE = YES;
				DEVELOPMENT_TEAM = "";
				DYLIB_COMPATIBILITY_VERSION = 1;
				DYLIB_CURRENT_VERSION = 1;
				DYLIB_INSTALL_NAME_BASE = "@rpath";
				FRAMEWORK_VERSION = A;
				INFOPLIST_FILE = QRLibMac/Info.plist;
				INSTALL_PATH = "$(LOCAL_LIBRARY_DIR)/Frameworks";
				LD_RUNPATH_SEARCH_PATHS = (
					"$(inherited)",
					"@executable_path/../Frameworks",
					"@loader_path/Frameworks",
				);
				MACOSX_DEPLOYMENT_TARGET = 10.14;
				PRODUCT_BUNDLE_IDENTIFIER = io.github.futurelab.QRLibMac;
				PRODUCT_NAME = "$(TARGET_NAME:c99extidentifier)";
				SDKROOT = macosx;
				SKIP_INSTALL = YES;
				SWIFT_VERSION = 4.2;
				VERSIONING_SYSTEM = "apple-generic";
				VERSION_INFO_PREFIX = "";
			};
			name = Release;
		};
		F17F5BAB221A32AF00383955 /* Debug */ = {
			isa = XCBuildConfiguration;
			buildSettings = {
				ALWAYS_EMBED_SWIFT_STANDARD_LIBRARIES = YES;
				ASSETCATALOG_COMPILER_APPICON_NAME = AppIcon;
				CODE_SIGN_ENTITLEMENTS = "QR-example-mac/QR_example_mac.entitlements";
				CODE_SIGN_IDENTITY = "Mac Developer";
				CODE_SIGN_STYLE = Automatic;
				COMBINE_HIDPI_IMAGES = YES;
				DEVELOPMENT_TEAM = B5CC9TD7P7;
				INFOPLIST_FILE = "QR-example-mac/Info.plist";
				LD_RUNPATH_SEARCH_PATHS = (
					"$(inherited)",
					"@executable_path/../Frameworks",
				);
				MACOSX_DEPLOYMENT_TARGET = 10.14;
				PRODUCT_BUNDLE_IDENTIFIER = "io.github.futurelab.QR-example-mac";
				PRODUCT_NAME = "$(TARGET_NAME)";
				PROVISIONING_PROFILE_SPECIFIER = "";
				SDKROOT = macosx;
				SWIFT_VERSION = 4.2;
			};
			name = Debug;
		};
		F17F5BAC221A32AF00383955 /* Release */ = {
			isa = XCBuildConfiguration;
			buildSettings = {
				ALWAYS_EMBED_SWIFT_STANDARD_LIBRARIES = YES;
				ASSETCATALOG_COMPILER_APPICON_NAME = AppIcon;
				CODE_SIGN_ENTITLEMENTS = "QR-example-mac/QR_example_mac.entitlements";
				CODE_SIGN_IDENTITY = "Mac Developer";
				CODE_SIGN_STYLE = Automatic;
				COMBINE_HIDPI_IMAGES = YES;
				DEVELOPMENT_TEAM = B5CC9TD7P7;
				INFOPLIST_FILE = "QR-example-mac/Info.plist";
				LD_RUNPATH_SEARCH_PATHS = (
					"$(inherited)",
					"@executable_path/../Frameworks",
				);
				MACOSX_DEPLOYMENT_TARGET = 10.14;
				PRODUCT_BUNDLE_IDENTIFIER = "io.github.futurelab.QR-example-mac";
				PRODUCT_NAME = "$(TARGET_NAME)";
				PROVISIONING_PROFILE_SPECIFIER = "";
				SDKROOT = macosx;
				SWIFT_VERSION = 4.2;
			};
			name = Release;
		};
/* End XCBuildConfiguration section */

/* Begin XCConfigurationList section */
		F16212F921FB28DB005297DE /* Build configuration list for PBXProject "QRExample" */ = {
			isa = XCConfigurationList;
			buildConfigurations = (
				F162130E21FB28DC005297DE /* Debug */,
				F162130F21FB28DC005297DE /* Release */,
			);
			defaultConfigurationIsVisible = 0;
			defaultConfigurationName = Release;
		};
		F162131021FB28DC005297DE /* Build configuration list for PBXNativeTarget "QRExample" */ = {
			isa = XCConfigurationList;
			buildConfigurations = (
				F162131121FB28DC005297DE /* Debug */,
				F162131221FB28DC005297DE /* Release */,
			);
			defaultConfigurationIsVisible = 0;
			defaultConfigurationName = Release;
		};
		F162132321FB293D005297DE /* Build configuration list for PBXNativeTarget "QRLibIOS" */ = {
			isa = XCConfigurationList;
			buildConfigurations = (
				F162132121FB293D005297DE /* Debug */,
				F162132221FB293D005297DE /* Release */,
			);
			defaultConfigurationIsVisible = 0;
			defaultConfigurationName = Release;
		};
		F162133721FB2ABB005297DE /* Build configuration list for PBXNativeTarget "QRLibMac" */ = {
			isa = XCConfigurationList;
			buildConfigurations = (
				F162133821FB2ABB005297DE /* Debug */,
				F162133921FB2ABB005297DE /* Release */,
			);
			defaultConfigurationIsVisible = 0;
			defaultConfigurationName = Release;
		};
		F17F5BAD221A32AF00383955 /* Build configuration list for PBXNativeTarget "QR-example-mac" */ = {
			isa = XCConfigurationList;
			buildConfigurations = (
				F17F5BAB221A32AF00383955 /* Debug */,
				F17F5BAC221A32AF00383955 /* Release */,
			);
			defaultConfigurationIsVisible = 0;
			defaultConfigurationName = Release;
		};
/* End XCConfigurationList section */
	};
	rootObject = F16212F621FB28DB005297DE /* Project object */;
}
