// !$*UTF8*$!
{
	archiveVersion = 1;
	classes = {
	};
	objectVersion = 50;
	objects = {

/* Begin PBXBuildFile section */
		F11DE8512208F19F007A8A7A /* VC+Test.swift in Sources */ = {isa = PBXBuildFile; fileRef = F11DE8502208F19F007A8A7A /* VC+Test.swift */; };
		F11DE854220A45BA007A8A7A /* HCCQRUtil.swift in Sources */ = {isa = PBXBuildFile; fileRef = F11DE853220A45BA007A8A7A /* HCCQRUtil.swift */; };
		F11DE85A220B333B007A8A7A /* CGFloatParser.swift in Sources */ = {isa = PBXBuildFile; fileRef = F11DE859220B333A007A8A7A /* CGFloatParser.swift */; };
		F14FADE521F75A9900ACE5FF /* VC+Extension.swift in Sources */ = {isa = PBXBuildFile; fileRef = F14FADE421F75A9900ACE5FF /* VC+Extension.swift */; };
		F14FADE821F75EF100ACE5FF /* RGBColorTestView.swift in Sources */ = {isa = PBXBuildFile; fileRef = F14FADE721F75EF100ACE5FF /* RGBColorTestView.swift */; };
		F14FADEB21F75F3900ACE5FF /* UIView+Extension.swift in Sources */ = {isa = PBXBuildFile; fileRef = F14FADEA21F75F3900ACE5FF /* UIView+Extension.swift */; };
		F14FADEE21F7618A00ACE5FF /* RGBAImage+Pixel.swift in Sources */ = {isa = PBXBuildFile; fileRef = F14FADED21F7618A00ACE5FF /* RGBAImage+Pixel.swift */; };
		F14FADF021F761FD00ACE5FF /* FakeHCCQRView.swift in Sources */ = {isa = PBXBuildFile; fileRef = F14FADEF21F761FD00ACE5FF /* FakeHCCQRView.swift */; };
		F14FADF221F77E4400ACE5FF /* UIImage+Extension.swift in Sources */ = {isa = PBXBuildFile; fileRef = F14FADF121F77E4400ACE5FF /* UIImage+Extension.swift */; };
		F162145021FC707E005297DE /* QRLibIOS.framework in Frameworks */ = {isa = PBXBuildFile; fileRef = F162144F21FC707E005297DE /* QRLibIOS.framework */; };
		F162145121FC707E005297DE /* QRLibIOS.framework in Embed Frameworks */ = {isa = PBXBuildFile; fileRef = F162144F21FC707E005297DE /* QRLibIOS.framework */; settings = {ATTRIBUTES = (CodeSignOnCopy, RemoveHeadersOnCopy, ); }; };
		F162145421FC7138005297DE /* SimpleHCCQRView.swift in Sources */ = {isa = PBXBuildFile; fileRef = F162145321FC7138005297DE /* SimpleHCCQRView.swift */; };
		F162145621FC75F7005297DE /* RGBAImage+Composite.swift in Sources */ = {isa = PBXBuildFile; fileRef = F162145521FC75F7005297DE /* RGBAImage+Composite.swift */; };
		F162145821FC7636005297DE /* RGBAImage+Split.swift in Sources */ = {isa = PBXBuildFile; fileRef = F162145721FC7636005297DE /* RGBAImage+Split.swift */; };
		F162145A21FC7791005297DE /* RGBAImage+Util.swift in Sources */ = {isa = PBXBuildFile; fileRef = F162145921FC7791005297DE /* RGBAImage+Util.swift */; };
		F162145D21FC7D7F005297DE /* Pixel+Assert.swift in Sources */ = {isa = PBXBuildFile; fileRef = F162145C21FC7D7F005297DE /* Pixel+Assert.swift */; };
		F162145F21FC7DC9005297DE /* Pixel+Setter.swift in Sources */ = {isa = PBXBuildFile; fileRef = F162145E21FC7DC9005297DE /* Pixel+Setter.swift */; };
		F162146221FC966C005297DE /* Colorize.swift in Sources */ = {isa = PBXBuildFile; fileRef = F162146121FC966C005297DE /* Colorize.swift */; };
		F162146421FC99CA005297DE /* UIColor+Extension.swift in Sources */ = {isa = PBXBuildFile; fileRef = F162146321FC99CA005297DE /* UIColor+Extension.swift */; };
		F162146621FF0734005297DE /* AlignMarkTestView.swift in Sources */ = {isa = PBXBuildFile; fileRef = F162146521FF0734005297DE /* AlignMarkTestView.swift */; };
		F162146821FF380E005297DE /* CAShapeLayerUtil.swift in Sources */ = {isa = PBXBuildFile; fileRef = F162146721FF380E005297DE /* CAShapeLayerUtil.swift */; };
		F162146B21FF4198005297DE /* AlignMarkUtil.swift in Sources */ = {isa = PBXBuildFile; fileRef = F162146A21FF4198005297DE /* AlignMarkUtil.swift */; };
		F162146D220063F1005297DE /* AlignMarkUtil+Metric.swift in Sources */ = {isa = PBXBuildFile; fileRef = F162146C220063F1005297DE /* AlignMarkUtil+Metric.swift */; };
		F162146F22007814005297DE /* AlignMarkUtil+Debug.swift in Sources */ = {isa = PBXBuildFile; fileRef = F162146E22007814005297DE /* AlignMarkUtil+Debug.swift */; };
		F16214712200CC89005297DE /* Data+Extension.swift in Sources */ = {isa = PBXBuildFile; fileRef = F16214702200CC89005297DE /* Data+Extension.swift */; };
		F18A52DF21790F8A003F8C13 /* AppDelegate.swift in Sources */ = {isa = PBXBuildFile; fileRef = F18A52DE21790F8A003F8C13 /* AppDelegate.swift */; };
		F18A52E121790F8A003F8C13 /* ViewController.swift in Sources */ = {isa = PBXBuildFile; fileRef = F18A52E021790F8A003F8C13 /* ViewController.swift */; };
		F18A52E421790F8A003F8C13 /* Main.storyboard in Resources */ = {isa = PBXBuildFile; fileRef = F18A52E221790F8A003F8C13 /* Main.storyboard */; };
		F18A52E621790F8D003F8C13 /* Assets.xcassets in Resources */ = {isa = PBXBuildFile; fileRef = F18A52E521790F8D003F8C13 /* Assets.xcassets */; };
		F18A52E921790F8D003F8C13 /* LaunchScreen.storyboard in Resources */ = {isa = PBXBuildFile; fileRef = F18A52E721790F8D003F8C13 /* LaunchScreen.storyboard */; };
		F18A52F6217A4438003F8C13 /* RGBAImage.swift in Sources */ = {isa = PBXBuildFile; fileRef = F18A52F4217A4438003F8C13 /* RGBAImage.swift */; };
		F18A52FA217A463E003F8C13 /* Pixel.swift in Sources */ = {isa = PBXBuildFile; fileRef = F18A52F9217A463E003F8C13 /* Pixel.swift */; };
/* End PBXBuildFile section */

/* Begin PBXCopyFilesBuildPhase section */
		F162145221FC707E005297DE /* Embed Frameworks */ = {
			isa = PBXCopyFilesBuildPhase;
			buildActionMask = 2147483647;
			dstPath = "";
			dstSubfolderSpec = 10;
			files = (
				F162145121FC707E005297DE /* QRLibIOS.framework in Embed Frameworks */,
			);
			name = "Embed Frameworks";
			runOnlyForDeploymentPostprocessing = 0;
		};
/* End PBXCopyFilesBuildPhase section */

/* Begin PBXFileReference section */
		F11DE8502208F19F007A8A7A /* VC+Test.swift */ = {isa = PBXFileReference; lastKnownFileType = sourcecode.swift; path = "VC+Test.swift"; sourceTree = "<group>"; };
		F11DE853220A45BA007A8A7A /* HCCQRUtil.swift */ = {isa = PBXFileReference; lastKnownFileType = sourcecode.swift; path = HCCQRUtil.swift; sourceTree = "<group>"; };
		F11DE859220B333A007A8A7A /* CGFloatParser.swift */ = {isa = PBXFileReference; lastKnownFileType = sourcecode.swift; path = CGFloatParser.swift; sourceTree = "<group>"; };
		F14FADE421F75A9900ACE5FF /* VC+Extension.swift */ = {isa = PBXFileReference; lastKnownFileType = sourcecode.swift; path = "VC+Extension.swift"; sourceTree = "<group>"; };
		F14FADE721F75EF100ACE5FF /* RGBColorTestView.swift */ = {isa = PBXFileReference; lastKnownFileType = sourcecode.swift; path = RGBColorTestView.swift; sourceTree = "<group>"; };
		F14FADEA21F75F3900ACE5FF /* UIView+Extension.swift */ = {isa = PBXFileReference; lastKnownFileType = sourcecode.swift; path = "UIView+Extension.swift"; sourceTree = "<group>"; };
		F14FADED21F7618A00ACE5FF /* RGBAImage+Pixel.swift */ = {isa = PBXFileReference; fileEncoding = 4; lastKnownFileType = sourcecode.swift; path = "RGBAImage+Pixel.swift"; sourceTree = "<group>"; };
		F14FADEF21F761FD00ACE5FF /* FakeHCCQRView.swift */ = {isa = PBXFileReference; lastKnownFileType = sourcecode.swift; path = FakeHCCQRView.swift; sourceTree = "<group>"; };
		F14FADF121F77E4400ACE5FF /* UIImage+Extension.swift */ = {isa = PBXFileReference; lastKnownFileType = sourcecode.swift; path = "UIImage+Extension.swift"; sourceTree = "<group>"; };
		F162144F21FC707E005297DE /* QRLibIOS.framework */ = {isa = PBXFileReference; lastKnownFileType = wrapper.framework; name = QRLibIOS.framework; path = Carthage/Build/iOS/QRLibIOS.framework; sourceTree = "<group>"; };
		F162145321FC7138005297DE /* SimpleHCCQRView.swift */ = {isa = PBXFileReference; lastKnownFileType = sourcecode.swift; path = SimpleHCCQRView.swift; sourceTree = "<group>"; };
		F162145521FC75F7005297DE /* RGBAImage+Composite.swift */ = {isa = PBXFileReference; lastKnownFileType = sourcecode.swift; path = "RGBAImage+Composite.swift"; sourceTree = "<group>"; };
		F162145721FC7636005297DE /* RGBAImage+Split.swift */ = {isa = PBXFileReference; lastKnownFileType = sourcecode.swift; path = "RGBAImage+Split.swift"; sourceTree = "<group>"; };
		F162145921FC7791005297DE /* RGBAImage+Util.swift */ = {isa = PBXFileReference; lastKnownFileType = sourcecode.swift; path = "RGBAImage+Util.swift"; sourceTree = "<group>"; };
		F162145C21FC7D7F005297DE /* Pixel+Assert.swift */ = {isa = PBXFileReference; lastKnownFileType = sourcecode.swift; path = "Pixel+Assert.swift"; sourceTree = "<group>"; };
		F162145E21FC7DC9005297DE /* Pixel+Setter.swift */ = {isa = PBXFileReference; lastKnownFileType = sourcecode.swift; path = "Pixel+Setter.swift"; sourceTree = "<group>"; };
		F162146121FC966C005297DE /* Colorize.swift */ = {isa = PBXFileReference; lastKnownFileType = sourcecode.swift; path = Colorize.swift; sourceTree = "<group>"; };
		F162146321FC99CA005297DE /* UIColor+Extension.swift */ = {isa = PBXFileReference; lastKnownFileType = sourcecode.swift; path = "UIColor+Extension.swift"; sourceTree = "<group>"; };
		F162146521FF0734005297DE /* AlignMarkTestView.swift */ = {isa = PBXFileReference; lastKnownFileType = sourcecode.swift; path = AlignMarkTestView.swift; sourceTree = "<group>"; };
		F162146721FF380E005297DE /* CAShapeLayerUtil.swift */ = {isa = PBXFileReference; lastKnownFileType = sourcecode.swift; path = CAShapeLayerUtil.swift; sourceTree = "<group>"; };
		F162146A21FF4198005297DE /* AlignMarkUtil.swift */ = {isa = PBXFileReference; lastKnownFileType = sourcecode.swift; path = AlignMarkUtil.swift; sourceTree = "<group>"; };
		F162146C220063F1005297DE /* AlignMarkUtil+Metric.swift */ = {isa = PBXFileReference; lastKnownFileType = sourcecode.swift; path = "AlignMarkUtil+Metric.swift"; sourceTree = "<group>"; };
		F162146E22007814005297DE /* AlignMarkUtil+Debug.swift */ = {isa = PBXFileReference; lastKnownFileType = sourcecode.swift; path = "AlignMarkUtil+Debug.swift"; sourceTree = "<group>"; };
		F16214702200CC89005297DE /* Data+Extension.swift */ = {isa = PBXFileReference; lastKnownFileType = sourcecode.swift; path = "Data+Extension.swift"; sourceTree = "<group>"; };
		F18A52DB21790F8A003F8C13 /* HCCQR-demo.app */ = {isa = PBXFileReference; explicitFileType = wrapper.application; includeInIndex = 0; path = "HCCQR-demo.app"; sourceTree = BUILT_PRODUCTS_DIR; };
		F18A52DE21790F8A003F8C13 /* AppDelegate.swift */ = {isa = PBXFileReference; lastKnownFileType = sourcecode.swift; path = AppDelegate.swift; sourceTree = "<group>"; };
		F18A52E021790F8A003F8C13 /* ViewController.swift */ = {isa = PBXFileReference; lastKnownFileType = sourcecode.swift; path = ViewController.swift; sourceTree = "<group>"; };
		F18A52E321790F8A003F8C13 /* Base */ = {isa = PBXFileReference; lastKnownFileType = file.storyboard; name = Base; path = Base.lproj/Main.storyboard; sourceTree = "<group>"; };
		F18A52E521790F8D003F8C13 /* Assets.xcassets */ = {isa = PBXFileReference; lastKnownFileType = folder.assetcatalog; path = Assets.xcassets; sourceTree = "<group>"; };
		F18A52E821790F8D003F8C13 /* Base */ = {isa = PBXFileReference; lastKnownFileType = file.storyboard; name = Base; path = Base.lproj/LaunchScreen.storyboard; sourceTree = "<group>"; };
		F18A52EA21790F8D003F8C13 /* Info.plist */ = {isa = PBXFileReference; lastKnownFileType = text.plist.xml; path = Info.plist; sourceTree = "<group>"; };
		F18A52F4217A4438003F8C13 /* RGBAImage.swift */ = {isa = PBXFileReference; fileEncoding = 4; lastKnownFileType = sourcecode.swift; path = RGBAImage.swift; sourceTree = "<group>"; };
		F18A52F9217A463E003F8C13 /* Pixel.swift */ = {isa = PBXFileReference; lastKnownFileType = sourcecode.swift; path = Pixel.swift; sourceTree = "<group>"; };
/* End PBXFileReference section */

/* Begin PBXFrameworksBuildPhase section */
		F18A52D821790F8A003F8C13 /* Frameworks */ = {
			isa = PBXFrameworksBuildPhase;
			buildActionMask = 2147483647;
			files = (
				F162145021FC707E005297DE /* QRLibIOS.framework in Frameworks */,
			);
			runOnlyForDeploymentPostprocessing = 0;
		};
/* End PBXFrameworksBuildPhase section */

/* Begin PBXGroup section */
		F11DE852220A45A5007A8A7A /* hccqr */ = {
			isa = PBXGroup;
			children = (
				F11DE853220A45BA007A8A7A /* HCCQRUtil.swift */,
			);
			path = hccqr;
			sourceTree = "<group>";
		};
		F14FADE621F75EAD00ACE5FF /* test */ = {
			isa = PBXGroup;
			children = (
				F14FADE721F75EF100ACE5FF /* RGBColorTestView.swift */,
				F14FADEF21F761FD00ACE5FF /* FakeHCCQRView.swift */,
				F162145321FC7138005297DE /* SimpleHCCQRView.swift */,
				F162146521FF0734005297DE /* AlignMarkTestView.swift */,
			);
			path = test;
			sourceTree = "<group>";
		};
		F14FADE921F75F1D00ACE5FF /* extension */ = {
			isa = PBXGroup;
			children = (
				F14FADEA21F75F3900ACE5FF /* UIView+Extension.swift */,
				F16214702200CC89005297DE /* Data+Extension.swift */,
				F14FADF121F77E4400ACE5FF /* UIImage+Extension.swift */,
				F162146321FC99CA005297DE /* UIColor+Extension.swift */,
				F162146721FF380E005297DE /* CAShapeLayerUtil.swift */,
				F11DE859220B333A007A8A7A /* CGFloatParser.swift */,
			);
			path = extension;
			sourceTree = "<group>";
		};
		F14FADEC21F760C000ACE5FF /* RGBAimage */ = {
			isa = PBXGroup;
			children = (
				F162146021FC95A2005297DE /* colorize */,
				F18A52F4217A4438003F8C13 /* RGBAImage.swift */,
				F14FADED21F7618A00ACE5FF /* RGBAImage+Pixel.swift */,
				F162145921FC7791005297DE /* RGBAImage+Util.swift */,
				F162145721FC7636005297DE /* RGBAImage+Split.swift */,
				F162145521FC75F7005297DE /* RGBAImage+Composite.swift */,
				F162145B21FC7D33005297DE /* pixel */,
			);
			path = RGBAimage;
			sourceTree = "<group>";
		};
		F162145B21FC7D33005297DE /* pixel */ = {
			isa = PBXGroup;
			children = (
				F18A52F9217A463E003F8C13 /* Pixel.swift */,
				F162145C21FC7D7F005297DE /* Pixel+Assert.swift */,
				F162145E21FC7DC9005297DE /* Pixel+Setter.swift */,
			);
			path = pixel;
			sourceTree = "<group>";
		};
		F162146021FC95A2005297DE /* colorize */ = {
			isa = PBXGroup;
			children = (
				F162146121FC966C005297DE /* Colorize.swift */,
			);
			path = colorize;
			sourceTree = "<group>";
		};
		F162146921FF4180005297DE /* alignmark */ = {
			isa = PBXGroup;
			children = (
				F162146A21FF4198005297DE /* AlignMarkUtil.swift */,
				F162146E22007814005297DE /* AlignMarkUtil+Debug.swift */,
				F162146C220063F1005297DE /* AlignMarkUtil+Metric.swift */,
			);
			path = alignmark;
			sourceTree = "<group>";
		};
		F18A52D221790F8A003F8C13 = {
			isa = PBXGroup;
			children = (
				F162144F21FC707E005297DE /* QRLibIOS.framework */,
				F18A52DD21790F8A003F8C13 /* HCCQR-demo */,
				F18A52DC21790F8A003F8C13 /* Products */,
			);
			sourceTree = "<group>";
		};
		F18A52DC21790F8A003F8C13 /* Products */ = {
			isa = PBXGroup;
			children = (
				F18A52DB21790F8A003F8C13 /* HCCQR-demo.app */,
			);
			name = Products;
			sourceTree = "<group>";
		};
		F18A52DD21790F8A003F8C13 /* HCCQR-demo */ = {
			isa = PBXGroup;
			children = (
				F18A52DE21790F8A003F8C13 /* AppDelegate.swift */,
				F18A52E021790F8A003F8C13 /* ViewController.swift */,
				F14FADE421F75A9900ACE5FF /* VC+Extension.swift */,
				F11DE8502208F19F007A8A7A /* VC+Test.swift */,
				F18A52F2217A3F36003F8C13 /* src */,
				F18A52E221790F8A003F8C13 /* Main.storyboard */,
				F18A52E521790F8D003F8C13 /* Assets.xcassets */,
				F18A52E721790F8D003F8C13 /* LaunchScreen.storyboard */,
				F18A52EA21790F8D003F8C13 /* Info.plist */,
			);
			path = "HCCQR-demo";
			sourceTree = "<group>";
		};
		F18A52F2217A3F36003F8C13 /* src */ = {
			isa = PBXGroup;
			children = (
				F11DE852220A45A5007A8A7A /* hccqr */,
				F162146921FF4180005297DE /* alignmark */,
				F14FADE621F75EAD00ACE5FF /* test */,
				F14FADE921F75F1D00ACE5FF /* extension */,
				F14FADEC21F760C000ACE5FF /* RGBAimage */,
			);
			path = src;
			sourceTree = "<group>";
		};
/* End PBXGroup section */

/* Begin PBXNativeTarget section */
		F18A52DA21790F8A003F8C13 /* HCCQR-demo */ = {
			isa = PBXNativeTarget;
			buildConfigurationList = F18A52ED21790F8D003F8C13 /* Build configuration list for PBXNativeTarget "HCCQR-demo" */;
			buildPhases = (
				F18A52D721790F8A003F8C13 /* Sources */,
				F18A52D821790F8A003F8C13 /* Frameworks */,
				F18A52D921790F8A003F8C13 /* Resources */,
				F162145221FC707E005297DE /* Embed Frameworks */,
			);
			buildRules = (
			);
			dependencies = (
			);
			name = "HCCQR-demo";
			productName = "HCCQR-demo";
			productReference = F18A52DB21790F8A003F8C13 /* HCCQR-demo.app */;
			productType = "com.apple.product-type.application";
		};
/* End PBXNativeTarget section */

/* Begin PBXProject section */
		F18A52D321790F8A003F8C13 /* Project object */ = {
			isa = PBXProject;
			attributes = {
				LastSwiftUpdateCheck = 1000;
				LastUpgradeCheck = 1000;
				ORGANIZATIONNAME = FutureLab;
				TargetAttributes = {
					F18A52DA21790F8A003F8C13 = {
						CreatedOnToolsVersion = 10.0;
					};
				};
			};
			buildConfigurationList = F18A52D621790F8A003F8C13 /* Build configuration list for PBXProject "HCCQR-demo" */;
			compatibilityVersion = "Xcode 9.3";
			developmentRegion = en;
			hasScannedForEncodings = 0;
			knownRegions = (
				en,
				Base,
			);
			mainGroup = F18A52D221790F8A003F8C13;
			productRefGroup = F18A52DC21790F8A003F8C13 /* Products */;
			projectDirPath = "";
			projectRoot = "";
			targets = (
				F18A52DA21790F8A003F8C13 /* HCCQR-demo */,
			);
		};
/* End PBXProject section */

/* Begin PBXResourcesBuildPhase section */
		F18A52D921790F8A003F8C13 /* Resources */ = {
			isa = PBXResourcesBuildPhase;
			buildActionMask = 2147483647;
			files = (
				F18A52E921790F8D003F8C13 /* LaunchScreen.storyboard in Resources */,
				F18A52E621790F8D003F8C13 /* Assets.xcassets in Resources */,
				F18A52E421790F8A003F8C13 /* Main.storyboard in Resources */,
			);
			runOnlyForDeploymentPostprocessing = 0;
		};
/* End PBXResourcesBuildPhase section */

/* Begin PBXSourcesBuildPhase section */
		F18A52D721790F8A003F8C13 /* Sources */ = {
			isa = PBXSourcesBuildPhase;
			buildActionMask = 2147483647;
			files = (
				F14FADE521F75A9900ACE5FF /* VC+Extension.swift in Sources */,
				F162145F21FC7DC9005297DE /* Pixel+Setter.swift in Sources */,
				F18A52E121790F8A003F8C13 /* ViewController.swift in Sources */,
				F162146421FC99CA005297DE /* UIColor+Extension.swift in Sources */,
				F14FADF021F761FD00ACE5FF /* FakeHCCQRView.swift in Sources */,
				F162146621FF0734005297DE /* AlignMarkTestView.swift in Sources */,
				F14FADEB21F75F3900ACE5FF /* UIView+Extension.swift in Sources */,
				F14FADEE21F7618A00ACE5FF /* RGBAImage+Pixel.swift in Sources */,
				F162145621FC75F7005297DE /* RGBAImage+Composite.swift in Sources */,
				F18A52F6217A4438003F8C13 /* RGBAImage.swift in Sources */,
				F162146221FC966C005297DE /* Colorize.swift in Sources */,
				F162145D21FC7D7F005297DE /* Pixel+Assert.swift in Sources */,
				F18A52DF21790F8A003F8C13 /* AppDelegate.swift in Sources */,
				F162146821FF380E005297DE /* CAShapeLayerUtil.swift in Sources */,
				F14FADF221F77E4400ACE5FF /* UIImage+Extension.swift in Sources */,
				F14FADE821F75EF100ACE5FF /* RGBColorTestView.swift in Sources */,
				F162145421FC7138005297DE /* SimpleHCCQRView.swift in Sources */,
				F16214712200CC89005297DE /* Data+Extension.swift in Sources */,
				F11DE8512208F19F007A8A7A /* VC+Test.swift in Sources */,
				F11DE854220A45BA007A8A7A /* HCCQRUtil.swift in Sources */,
				F162145A21FC7791005297DE /* RGBAImage+Util.swift in Sources */,
				F162146D220063F1005297DE /* AlignMarkUtil+Metric.swift in Sources */,
				F162145821FC7636005297DE /* RGBAImage+Split.swift in Sources */,
				F11DE85A220B333B007A8A7A /* CGFloatParser.swift in Sources */,
				F18A52FA217A463E003F8C13 /* Pixel.swift in Sources */,
				F162146F22007814005297DE /* AlignMarkUtil+Debug.swift in Sources */,
				F162146B21FF4198005297DE /* AlignMarkUtil.swift in Sources */,
			);
			runOnlyForDeploymentPostprocessing = 0;
		};
/* End PBXSourcesBuildPhase section */

/* Begin PBXVariantGroup section */
		F18A52E221790F8A003F8C13 /* Main.storyboard */ = {
			isa = PBXVariantGroup;
			children = (
				F18A52E321790F8A003F8C13 /* Base */,
			);
			name = Main.storyboard;
			sourceTree = "<group>";
		};
		F18A52E721790F8D003F8C13 /* LaunchScreen.storyboard */ = {
			isa = PBXVariantGroup;
			children = (
				F18A52E821790F8D003F8C13 /* Base */,
			);
			name = LaunchScreen.storyboard;
			sourceTree = "<group>";
		};
/* End PBXVariantGroup section */

/* Begin XCBuildConfiguration section */
		F18A52EB21790F8D003F8C13 /* Debug */ = {
			isa = XCBuildConfiguration;
			buildSettings = {
				ALWAYS_SEARCH_USER_PATHS = NO;
				CLANG_ANALYZER_NONNULL = YES;
				CLANG_ANALYZER_NUMBER_OBJECT_CONVERSION = YES_AGGRESSIVE;
				CLANG_CXX_LANGUAGE_STANDARD = "gnu++14";
				CLANG_CXX_LIBRARY = "libc++";
				CLANG_ENABLE_MODULES = YES;
				CLANG_ENABLE_OBJC_ARC = YES;
				CLANG_ENABLE_OBJC_WEAK = YES;
				CLANG_WARN_BLOCK_CAPTURE_AUTORELEASING = YES;
				CLANG_WARN_BOOL_CONVERSION = YES;
				CLANG_WARN_COMMA = YES;
				CLANG_WARN_CONSTANT_CONVERSION = YES;
				CLANG_WARN_DEPRECATED_OBJC_IMPLEMENTATIONS = YES;
				CLANG_WARN_DIRECT_OBJC_ISA_USAGE = YES_ERROR;
				CLANG_WARN_DOCUMENTATION_COMMENTS = YES;
				CLANG_WARN_EMPTY_BODY = YES;
				CLANG_WARN_ENUM_CONVERSION = YES;
				CLANG_WARN_INFINITE_RECURSION = YES;
				CLANG_WARN_INT_CONVERSION = YES;
				CLANG_WARN_NON_LITERAL_NULL_CONVERSION = YES;
				CLANG_WARN_OBJC_IMPLICIT_RETAIN_SELF = YES;
				CLANG_WARN_OBJC_LITERAL_CONVERSION = YES;
				CLANG_WARN_OBJC_ROOT_CLASS = YES_ERROR;
				CLANG_WARN_RANGE_LOOP_ANALYSIS = YES;
				CLANG_WARN_STRICT_PROTOTYPES = YES;
				CLANG_WARN_SUSPICIOUS_MOVE = YES;
				CLANG_WARN_UNGUARDED_AVAILABILITY = YES_AGGRESSIVE;
				CLANG_WARN_UNREACHABLE_CODE = YES;
				CLANG_WARN__DUPLICATE_METHOD_MATCH = YES;
				CODE_SIGN_IDENTITY = "iPhone Developer";
				COPY_PHASE_STRIP = NO;
				DEBUG_INFORMATION_FORMAT = dwarf;
				ENABLE_STRICT_OBJC_MSGSEND = YES;
				ENABLE_TESTABILITY = YES;
				GCC_C_LANGUAGE_STANDARD = gnu11;
				GCC_DYNAMIC_NO_PIC = NO;
				GCC_NO_COMMON_BLOCKS = YES;
				GCC_OPTIMIZATION_LEVEL = 0;
				GCC_PREPROCESSOR_DEFINITIONS = (
					"DEBUG=1",
					"$(inherited)",
				);
				GCC_WARN_64_TO_32_BIT_CONVERSION = YES;
				GCC_WARN_ABOUT_RETURN_TYPE = YES_ERROR;
				GCC_WARN_UNDECLARED_SELECTOR = YES;
				GCC_WARN_UNINITIALIZED_AUTOS = YES_AGGRESSIVE;
				GCC_WARN_UNUSED_FUNCTION = YES;
				GCC_WARN_UNUSED_VARIABLE = YES;
				IPHONEOS_DEPLOYMENT_TARGET = 12.0;
				MTL_ENABLE_DEBUG_INFO = INCLUDE_SOURCE;
				MTL_FAST_MATH = YES;
				ONLY_ACTIVE_ARCH = YES;
				SDKROOT = iphoneos;
				SWIFT_ACTIVE_COMPILATION_CONDITIONS = DEBUG;
				SWIFT_OPTIMIZATION_LEVEL = "-Onone";
			};
			name = Debug;
		};
		F18A52EC21790F8D003F8C13 /* Release */ = {
			isa = XCBuildConfiguration;
			buildSettings = {
				ALWAYS_SEARCH_USER_PATHS = NO;
				CLANG_ANALYZER_NONNULL = YES;
				CLANG_ANALYZER_NUMBER_OBJECT_CONVERSION = YES_AGGRESSIVE;
				CLANG_CXX_LANGUAGE_STANDARD = "gnu++14";
				CLANG_CXX_LIBRARY = "libc++";
				CLANG_ENABLE_MODULES = YES;
				CLANG_ENABLE_OBJC_ARC = YES;
				CLANG_ENABLE_OBJC_WEAK = YES;
				CLANG_WARN_BLOCK_CAPTURE_AUTORELEASING = YES;
				CLANG_WARN_BOOL_CONVERSION = YES;
				CLANG_WARN_COMMA = YES;
				CLANG_WARN_CONSTANT_CONVERSION = YES;
				CLANG_WARN_DEPRECATED_OBJC_IMPLEMENTATIONS = YES;
				CLANG_WARN_DIRECT_OBJC_ISA_USAGE = YES_ERROR;
				CLANG_WARN_DOCUMENTATION_COMMENTS = YES;
				CLANG_WARN_EMPTY_BODY = YES;
				CLANG_WARN_ENUM_CONVERSION = YES;
				CLANG_WARN_INFINITE_RECURSION = YES;
				CLANG_WARN_INT_CONVERSION = YES;
				CLANG_WARN_NON_LITERAL_NULL_CONVERSION = YES;
				CLANG_WARN_OBJC_IMPLICIT_RETAIN_SELF = YES;
				CLANG_WARN_OBJC_LITERAL_CONVERSION = YES;
				CLANG_WARN_OBJC_ROOT_CLASS = YES_ERROR;
				CLANG_WARN_RANGE_LOOP_ANALYSIS = YES;
				CLANG_WARN_STRICT_PROTOTYPES = YES;
				CLANG_WARN_SUSPICIOUS_MOVE = YES;
				CLANG_WARN_UNGUARDED_AVAILABILITY = YES_AGGRESSIVE;
				CLANG_WARN_UNREACHABLE_CODE = YES;
				CLANG_WARN__DUPLICATE_METHOD_MATCH = YES;
				CODE_SIGN_IDENTITY = "iPhone Developer";
				COPY_PHASE_STRIP = NO;
				DEBUG_INFORMATION_FORMAT = "dwarf-with-dsym";
				ENABLE_NS_ASSERTIONS = NO;
				ENABLE_STRICT_OBJC_MSGSEND = YES;
				GCC_C_LANGUAGE_STANDARD = gnu11;
				GCC_NO_COMMON_BLOCKS = YES;
				GCC_WARN_64_TO_32_BIT_CONVERSION = YES;
				GCC_WARN_ABOUT_RETURN_TYPE = YES_ERROR;
				GCC_WARN_UNDECLARED_SELECTOR = YES;
				GCC_WARN_UNINITIALIZED_AUTOS = YES_AGGRESSIVE;
				GCC_WARN_UNUSED_FUNCTION = YES;
				GCC_WARN_UNUSED_VARIABLE = YES;
				IPHONEOS_DEPLOYMENT_TARGET = 12.0;
				MTL_ENABLE_DEBUG_INFO = NO;
				MTL_FAST_MATH = YES;
				SDKROOT = iphoneos;
				SWIFT_COMPILATION_MODE = wholemodule;
				SWIFT_OPTIMIZATION_LEVEL = "-O";
				VALIDATE_PRODUCT = YES;
			};
			name = Release;
		};
		F18A52EE21790F8D003F8C13 /* Debug */ = {
			isa = XCBuildConfiguration;
			buildSettings = {
				ASSETCATALOG_COMPILER_APPICON_NAME = AppIcon;
				CODE_SIGN_STYLE = Automatic;
				FRAMEWORK_SEARCH_PATHS = (
					"$(inherited)",
					"$(PROJECT_DIR)/Carthage/Build/iOS",
				);
				INFOPLIST_FILE = "HCCQR-demo/Info.plist";
				IPHONEOS_DEPLOYMENT_TARGET = 12.1;
				LD_RUNPATH_SEARCH_PATHS = (
					"$(inherited)",
					"@executable_path/Frameworks",
				);
				PRODUCT_BUNDLE_IDENTIFIER = "io.github.futurelab.HCCQR-demo";
				PRODUCT_NAME = "$(TARGET_NAME)";
				SWIFT_VERSION = 4.2;
				TARGETED_DEVICE_FAMILY = "1,2";
			};
			name = Debug;
		};
		F18A52EF21790F8D003F8C13 /* Release */ = {
			isa = XCBuildConfiguration;
			buildSettings = {
				ASSETCATALOG_COMPILER_APPICON_NAME = AppIcon;
				CODE_SIGN_STYLE = Automatic;
				FRAMEWORK_SEARCH_PATHS = (
					"$(inherited)",
					"$(PROJECT_DIR)/Carthage/Build/iOS",
				);
				INFOPLIST_FILE = "HCCQR-demo/Info.plist";
				IPHONEOS_DEPLOYMENT_TARGET = 12.1;
				LD_RUNPATH_SEARCH_PATHS = (
					"$(inherited)",
					"@executable_path/Frameworks",
				);
				PRODUCT_BUNDLE_IDENTIFIER = "io.github.futurelab.HCCQR-demo";
				PRODUCT_NAME = "$(TARGET_NAME)";
				SWIFT_VERSION = 4.2;
				TARGETED_DEVICE_FAMILY = "1,2";
			};
			name = Release;
		};
/* End XCBuildConfiguration section */

/* Begin XCConfigurationList section */
		F18A52D621790F8A003F8C13 /* Build configuration list for PBXProject "HCCQR-demo" */ = {
			isa = XCConfigurationList;
			buildConfigurations = (
				F18A52EB21790F8D003F8C13 /* Debug */,
				F18A52EC21790F8D003F8C13 /* Release */,
			);
			defaultConfigurationIsVisible = 0;
			defaultConfigurationName = Release;
		};
		F18A52ED21790F8D003F8C13 /* Build configuration list for PBXNativeTarget "HCCQR-demo" */ = {
			isa = XCConfigurationList;
			buildConfigurations = (
				F18A52EE21790F8D003F8C13 /* Debug */,
				F18A52EF21790F8D003F8C13 /* Release */,
			);
			defaultConfigurationIsVisible = 0;
			defaultConfigurationName = Release;
		};
/* End XCConfigurationList section */
	};
	rootObject = F18A52D321790F8A003F8C13 /* Project object */;
}
